PODS:
  - Alamofire (5.4.4)
  - KakaoSDKAuth (2.8.2):
    - KakaoSDKCommon (= 2.8.2)
  - KakaoSDKCommon (2.8.2):
    - KakaoSDKCommon/Common (= 2.8.2)
    - KakaoSDKCommon/Network (= 2.8.2)
  - KakaoSDKCommon/Common (2.8.2)
  - KakaoSDKCommon/Network (2.8.2):
    - Alamofire (~> 5.1)
    - KakaoSDKCommon/Common (= 2.8.2)
  - KakaoSDKLink (2.8.2):
    - KakaoSDKCommon (= 2.8.2)
    - KakaoSDKTemplate (= 2.8.2)
  - KakaoSDKTemplate (2.8.2):
    - KakaoSDKCommon/Common (= 2.8.2)
  - KakaoSDKUser (2.8.2):
    - KakaoSDKAuth (= 2.8.2)
  - SwiftKeychainWrapper (4.0.1)
  - SwiftUIPager (2.3.1)

DEPENDENCIES:
  - Alamofire
  - KakaoSDKAuth
  - KakaoSDKCommon
  - KakaoSDKLink
  - KakaoSDKUser
  - SwiftKeychainWrapper
  - SwiftUIPager

SPEC REPOS:
  trunk:
    - Alamofire
    - KakaoSDKAuth
    - KakaoSDKCommon
    - KakaoSDKLink
    - KakaoSDKTemplate
    - KakaoSDKUser
    - SwiftKeychainWrapper
    - SwiftUIPager

SPEC CHECKSUMS:
  Alamofire: f3b09a368f1582ab751b3fff5460276e0d2cf5c9
  KakaoSDKAuth: 2b7e6998d7028cabd037ef8d0d2f987b4eec9f89
  KakaoSDKCommon: 1b5dc1c785688bed6d6747d05f2c8e08420f09ff
  KakaoSDKLink: b29f0889cfacfdf7f67b492da97136814a1d5b36
  KakaoSDKTemplate: a5b84073ce3fa521d26c2531346bf866e7775025
  KakaoSDKUser: 937f1acc1380192d38483480d5bf01b141471829
  SwiftKeychainWrapper: 807ba1d63c33a7d0613288512399cd1eda1e470c
  SwiftUIPager: 273cbaec55a03784d5fbec30f57d8b8974e60450

PODFILE CHECKSUM: 731597efe99d7ceb86d39f6ea2b86479e0f5a79f

COCOAPODS: 1.11.2
