// !$*UTF8*$!
{
	archiveVersion = 1;
	classes = {
	};
	objectVersion = 50;
	objects = {

/* Begin PBXBuildFile section */
		6A734FD6270350D400884F5C /* BBOXXApp.swift in Sources */ = {isa = PBXBuildFile; fileRef = 6A734FD5270350D400884F5C /* BBOXXApp.swift */; };
		6A734FD8270350D400884F5C /* ContentView.swift in Sources */ = {isa = PBXBuildFile; fileRef = 6A734FD7270350D400884F5C /* ContentView.swift */; };
		6A734FDA270350D600884F5C /* Assets.xcassets in Resources */ = {isa = PBXBuildFile; fileRef = 6A734FD9270350D600884F5C /* Assets.xcassets */; };
		6A734FDD270350D600884F5C /* Preview Assets.xcassets in Resources */ = {isa = PBXBuildFile; fileRef = 6A734FDC270350D600884F5C /* Preview Assets.xcassets */; };
		6A734FE8270350D600884F5C /* BBOXXTests.swift in Sources */ = {isa = PBXBuildFile; fileRef = 6A734FE7270350D600884F5C /* BBOXXTests.swift */; };
		6A734FF3270350D600884F5C /* BBOXXUITests.swift in Sources */ = {isa = PBXBuildFile; fileRef = 6A734FF2270350D600884F5C /* BBOXXUITests.swift */; };
/* End PBXBuildFile section */

/* Begin PBXContainerItemProxy section */
		6A734FE4270350D600884F5C /* PBXContainerItemProxy */ = {
			isa = PBXContainerItemProxy;
			containerPortal = 6A734FCA270350D400884F5C /* Project object */;
			proxyType = 1;
			remoteGlobalIDString = 6A734FD1270350D400884F5C;
			remoteInfo = BBOXX;
		};
		6A734FEF270350D600884F5C /* PBXContainerItemProxy */ = {
			isa = PBXContainerItemProxy;
			containerPortal = 6A734FCA270350D400884F5C /* Project object */;
			proxyType = 1;
			remoteGlobalIDString = 6A734FD1270350D400884F5C;
			remoteInfo = BBOXX;
		};
/* End PBXContainerItemProxy section */

/* Begin PBXFileReference section */
		6A734FD2270350D400884F5C /* BBOXX.app */ = {isa = PBXFileReference; explicitFileType = wrapper.application; includeInIndex = 0; path = BBOXX.app; sourceTree = BUILT_PRODUCTS_DIR; };
		6A734FD5270350D400884F5C /* BBOXXApp.swift */ = {isa = PBXFileReference; lastKnownFileType = sourcecode.swift; path = BBOXXApp.swift; sourceTree = "<group>"; };
		6A734FD7270350D400884F5C /* ContentView.swift */ = {isa = PBXFileReference; lastKnownFileType = sourcecode.swift; path = ContentView.swift; sourceTree = "<group>"; };
		6A734FD9270350D600884F5C /* Assets.xcassets */ = {isa = PBXFileReference; lastKnownFileType = folder.assetcatalog; path = Assets.xcassets; sourceTree = "<group>"; };
		6A734FDC270350D600884F5C /* Preview Assets.xcassets */ = {isa = PBXFileReference; lastKnownFileType = folder.assetcatalog; path = "Preview Assets.xcassets"; sourceTree = "<group>"; };
		6A734FDE270350D600884F5C /* Info.plist */ = {isa = PBXFileReference; lastKnownFileType = text.plist.xml; path = Info.plist; sourceTree = "<group>"; };
		6A734FE3270350D600884F5C /* BBOXXTests.xctest */ = {isa = PBXFileReference; explicitFileType = wrapper.cfbundle; includeInIndex = 0; path = BBOXXTests.xctest; sourceTree = BUILT_PRODUCTS_DIR; };
		6A734FE7270350D600884F5C /* BBOXXTests.swift */ = {isa = PBXFileReference; lastKnownFileType = sourcecode.swift; path = BBOXXTests.swift; sourceTree = "<group>"; };
		6A734FE9270350D600884F5C /* Info.plist */ = {isa = PBXFileReference; lastKnownFileType = text.plist.xml; path = Info.plist; sourceTree = "<group>"; };
		6A734FEE270350D600884F5C /* BBOXXUITests.xctest */ = {isa = PBXFileReference; explicitFileType = wrapper.cfbundle; includeInIndex = 0; path = BBOXXUITests.xctest; sourceTree = BUILT_PRODUCTS_DIR; };
		6A734FF2270350D600884F5C /* BBOXXUITests.swift */ = {isa = PBXFileReference; lastKnownFileType = sourcecode.swift; path = BBOXXUITests.swift; sourceTree = "<group>"; };
		6A734FF4270350D600884F5C /* Info.plist */ = {isa = PBXFileReference; lastKnownFileType = text.plist.xml; path = Info.plist; sourceTree = "<group>"; };
/* End PBXFileReference section */

/* Begin PBXFrameworksBuildPhase section */
		6A734FCF270350D400884F5C /* Frameworks */ = {
			isa = PBXFrameworksBuildPhase;
			buildActionMask = 2147483647;
			files = (
			);
			runOnlyForDeploymentPostprocessing = 0;
		};
		6A734FE0270350D600884F5C /* Frameworks */ = {
			isa = PBXFrameworksBuildPhase;
			buildActionMask = 2147483647;
			files = (
			);
			runOnlyForDeploymentPostprocessing = 0;
		};
		6A734FEB270350D600884F5C /* Frameworks */ = {
			isa = PBXFrameworksBuildPhase;
			buildActionMask = 2147483647;
			files = (
			);
			runOnlyForDeploymentPostprocessing = 0;
		};
/* End PBXFrameworksBuildPhase section */

/* Begin PBXGroup section */
		6A734FC9270350D400884F5C = {
			isa = PBXGroup;
			children = (
				6A734FD4270350D400884F5C /* BBOXX */,
				6A734FE6270350D600884F5C /* BBOXXTests */,
				6A734FF1270350D600884F5C /* BBOXXUITests */,
				6A734FD3270350D400884F5C /* Products */,
			);
			sourceTree = "<group>";
		};
		6A734FD3270350D400884F5C /* Products */ = {
			isa = PBXGroup;
			children = (
				6A734FD2270350D400884F5C /* BBOXX.app */,
				6A734FE3270350D600884F5C /* BBOXXTests.xctest */,
				6A734FEE270350D600884F5C /* BBOXXUITests.xctest */,
			);
			name = Products;
			sourceTree = "<group>";
		};
		6A734FD4270350D400884F5C /* BBOXX */ = {
			isa = PBXGroup;
			children = (
				6A734FD5270350D400884F5C /* BBOXXApp.swift */,
				6A734FD7270350D400884F5C /* ContentView.swift */,
				6A734FD9270350D600884F5C /* Assets.xcassets */,
				6A734FDE270350D600884F5C /* Info.plist */,
				6A734FDB270350D600884F5C /* Preview Content */,
			);
			path = BBOXX;
			sourceTree = "<group>";
		};
		6A734FDB270350D600884F5C /* Preview Content */ = {
			isa = PBXGroup;
			children = (
				6A734FDC270350D600884F5C /* Preview Assets.xcassets */,
			);
			path = "Preview Content";
			sourceTree = "<group>";
		};
		6A734FE6270350D600884F5C /* BBOXXTests */ = {
			isa = PBXGroup;
			children = (
				6A734FE7270350D600884F5C /* BBOXXTests.swift */,
				6A734FE9270350D600884F5C /* Info.plist */,
			);
			path = BBOXXTests;
			sourceTree = "<group>";
		};
		6A734FF1270350D600884F5C /* BBOXXUITests */ = {
			isa = PBXGroup;
			children = (
				6A734FF2270350D600884F5C /* BBOXXUITests.swift */,
				6A734FF4270350D600884F5C /* Info.plist */,
			);
			path = BBOXXUITests;
			sourceTree = "<group>";
		};
/* End PBXGroup section */

/* Begin PBXNativeTarget section */
		6A734FD1270350D400884F5C /* BBOXX */ = {
			isa = PBXNativeTarget;
			buildConfigurationList = 6A734FF7270350D600884F5C /* Build configuration list for PBXNativeTarget "BBOXX" */;
			buildPhases = (
				6A734FCE270350D400884F5C /* Sources */,
				6A734FCF270350D400884F5C /* Frameworks */,
				6A734FD0270350D400884F5C /* Resources */,
			);
			buildRules = (
			);
			dependencies = (
			);
			name = BBOXX;
			productName = BBOXX;
			productReference = 6A734FD2270350D400884F5C /* BBOXX.app */;
			productType = "com.apple.product-type.application";
		};
		6A734FE2270350D600884F5C /* BBOXXTests */ = {
			isa = PBXNativeTarget;
			buildConfigurationList = 6A734FFA270350D600884F5C /* Build configuration list for PBXNativeTarget "BBOXXTests" */;
			buildPhases = (
				6A734FDF270350D600884F5C /* Sources */,
				6A734FE0270350D600884F5C /* Frameworks */,
				6A734FE1270350D600884F5C /* Resources */,
			);
			buildRules = (
			);
			dependencies = (
				6A734FE5270350D600884F5C /* PBXTargetDependency */,
			);
			name = BBOXXTests;
			productName = BBOXXTests;
			productReference = 6A734FE3270350D600884F5C /* BBOXXTests.xctest */;
			productType = "com.apple.product-type.bundle.unit-test";
		};
		6A734FED270350D600884F5C /* BBOXXUITests */ = {
			isa = PBXNativeTarget;
			buildConfigurationList = 6A734FFD270350D600884F5C /* Build configuration list for PBXNativeTarget "BBOXXUITests" */;
			buildPhases = (
				6A734FEA270350D600884F5C /* Sources */,
				6A734FEB270350D600884F5C /* Frameworks */,
				6A734FEC270350D600884F5C /* Resources */,
			);
			buildRules = (
			);
			dependencies = (
				6A734FF0270350D600884F5C /* PBXTargetDependency */,
			);
			name = BBOXXUITests;
			productName = BBOXXUITests;
			productReference = 6A734FEE270350D600884F5C /* BBOXXUITests.xctest */;
			productType = "com.apple.product-type.bundle.ui-testing";
		};
/* End PBXNativeTarget section */

/* Begin PBXProject section */
		6A734FCA270350D400884F5C /* Project object */ = {
			isa = PBXProject;
			attributes = {
				LastSwiftUpdateCheck = 1240;
				LastUpgradeCheck = 1240;
				TargetAttributes = {
					6A734FD1270350D400884F5C = {
						CreatedOnToolsVersion = 12.4;
					};
					6A734FE2270350D600884F5C = {
						CreatedOnToolsVersion = 12.4;
						TestTargetID = 6A734FD1270350D400884F5C;
					};
					6A734FED270350D600884F5C = {
						CreatedOnToolsVersion = 12.4;
						TestTargetID = 6A734FD1270350D400884F5C;
					};
				};
			};
			buildConfigurationList = 6A734FCD270350D400884F5C /* Build configuration list for PBXProject "BBOXX" */;
			compatibilityVersion = "Xcode 9.3";
			developmentRegion = en;
			hasScannedForEncodings = 0;
			knownRegions = (
				en,
				Base,
			);
			mainGroup = 6A734FC9270350D400884F5C;
			productRefGroup = 6A734FD3270350D400884F5C /* Products */;
			projectDirPath = "";
			projectRoot = "";
			targets = (
				6A734FD1270350D400884F5C /* BBOXX */,
				6A734FE2270350D600884F5C /* BBOXXTests */,
				6A734FED270350D600884F5C /* BBOXXUITests */,
			);
		};
/* End PBXProject section */

/* Begin PBXResourcesBuildPhase section */
		6A734FD0270350D400884F5C /* Resources */ = {
			isa = PBXResourcesBuildPhase;
			buildActionMask = 2147483647;
			files = (
				6A734FDD270350D600884F5C /* Preview Assets.xcassets in Resources */,
				6A734FDA270350D600884F5C /* Assets.xcassets in Resources */,
			);
			runOnlyForDeploymentPostprocessing = 0;
		};
		6A734FE1270350D600884F5C /* Resources */ = {
			isa = PBXResourcesBuildPhase;
			buildActionMask = 2147483647;
			files = (
			);
			runOnlyForDeploymentPostprocessing = 0;
		};
		6A734FEC270350D600884F5C /* Resources */ = {
			isa = PBXResourcesBuildPhase;
			buildActionMask = 2147483647;
			files = (
			);
			runOnlyForDeploymentPostprocessing = 0;
		};
/* End PBXResourcesBuildPhase section */

/* Begin PBXSourcesBuildPhase section */
		6A734FCE270350D400884F5C /* Sources */ = {
			isa = PBXSourcesBuildPhase;
			buildActionMask = 2147483647;
			files = (
				6A734FD8270350D400884F5C /* ContentView.swift in Sources */,
				6A734FD6270350D400884F5C /* BBOXXApp.swift in Sources */,
			);
			runOnlyForDeploymentPostprocessing = 0;
		};
		6A734FDF270350D600884F5C /* Sources */ = {
			isa = PBXSourcesBuildPhase;
			buildActionMask = 2147483647;
			files = (
				6A734FE8270350D600884F5C /* BBOXXTests.swift in Sources */,
			);
			runOnlyForDeploymentPostprocessing = 0;
		};
		6A734FEA270350D600884F5C /* Sources */ = {
			isa = PBXSourcesBuildPhase;
			buildActionMask = 2147483647;
			files = (
				6A734FF3270350D600884F5C /* BBOXXUITests.swift in Sources */,
			);
			runOnlyForDeploymentPostprocessing = 0;
		};
/* End PBXSourcesBuildPhase section */

/* Begin PBXTargetDependency section */
		6A734FE5270350D600884F5C /* PBXTargetDependency */ = {
			isa = PBXTargetDependency;
			target = 6A734FD1270350D400884F5C /* BBOXX */;
			targetProxy = 6A734FE4270350D600884F5C /* PBXContainerItemProxy */;
		};
		6A734FF0270350D600884F5C /* PBXTargetDependency */ = {
			isa = PBXTargetDependency;
			target = 6A734FD1270350D400884F5C /* BBOXX */;
			targetProxy = 6A734FEF270350D600884F5C /* PBXContainerItemProxy */;
		};
/* End PBXTargetDependency section */

/* Begin XCBuildConfiguration section */
		6A734FF5270350D600884F5C /* Debug */ = {
			isa = XCBuildConfiguration;
			buildSettings = {
				ALWAYS_SEARCH_USER_PATHS = NO;
				CLANG_ANALYZER_NONNULL = YES;
				CLANG_ANALYZER_NUMBER_OBJECT_CONVERSION = YES_AGGRESSIVE;
				CLANG_CXX_LANGUAGE_STANDARD = "gnu++14";
				CLANG_CXX_LIBRARY = "libc++";
				CLANG_ENABLE_MODULES = YES;
				CLANG_ENABLE_OBJC_ARC = YES;
				CLANG_ENABLE_OBJC_WEAK = YES;
				CLANG_WARN_BLOCK_CAPTURE_AUTORELEASING = YES;
				CLANG_WARN_BOOL_CONVERSION = YES;
				CLANG_WARN_COMMA = YES;
				CLANG_WARN_CONSTANT_CONVERSION = YES;
				CLANG_WARN_DEPRECATED_OBJC_IMPLEMENTATIONS = YES;
				CLANG_WARN_DIRECT_OBJC_ISA_USAGE = YES_ERROR;
				CLANG_WARN_DOCUMENTATION_COMMENTS = YES;
				CLANG_WARN_EMPTY_BODY = YES;
				CLANG_WARN_ENUM_CONVERSION = YES;
				CLANG_WARN_INFINITE_RECURSION = YES;
				CLANG_WARN_INT_CONVERSION = YES;
				CLANG_WARN_NON_LITERAL_NULL_CONVERSION = YES;
				CLANG_WARN_OBJC_IMPLICIT_RETAIN_SELF = YES;
				CLANG_WARN_OBJC_LITERAL_CONVERSION = YES;
				CLANG_WARN_OBJC_ROOT_CLASS = YES_ERROR;
				CLANG_WARN_QUOTED_INCLUDE_IN_FRAMEWORK_HEADER = YES;
				CLANG_WARN_RANGE_LOOP_ANALYSIS = YES;
				CLANG_WARN_STRICT_PROTOTYPES = YES;
				CLANG_WARN_SUSPICIOUS_MOVE = YES;
				CLANG_WARN_UNGUARDED_AVAILABILITY = YES_AGGRESSIVE;
				CLANG_WARN_UNREACHABLE_CODE = YES;
				CLANG_WARN__DUPLICATE_METHOD_MATCH = YES;
				COPY_PHASE_STRIP = NO;
				DEBUG_INFORMATION_FORMAT = dwarf;
				ENABLE_STRICT_OBJC_MSGSEND = YES;
				ENABLE_TESTABILITY = YES;
				GCC_C_LANGUAGE_STANDARD = gnu11;
				GCC_DYNAMIC_NO_PIC = NO;
				GCC_NO_COMMON_BLOCKS = YES;
				GCC_OPTIMIZATION_LEVEL = 0;
				GCC_PREPROCESSOR_DEFINITIONS = (
					"DEBUG=1",
					"$(inherited)",
				);
				GCC_WARN_64_TO_32_BIT_CONVERSION = YES;
				GCC_WARN_ABOUT_RETURN_TYPE = YES_ERROR;
				GCC_WARN_UNDECLARED_SELECTOR = YES;
				GCC_WARN_UNINITIALIZED_AUTOS = YES_AGGRESSIVE;
				GCC_WARN_UNUSED_FUNCTION = YES;
				GCC_WARN_UNUSED_VARIABLE = YES;
				IPHONEOS_DEPLOYMENT_TARGET = 14.4;
				MTL_ENABLE_DEBUG_INFO = INCLUDE_SOURCE;
				MTL_FAST_MATH = YES;
				ONLY_ACTIVE_ARCH = YES;
				SDKROOT = iphoneos;
				SWIFT_ACTIVE_COMPILATION_CONDITIONS = DEBUG;
				SWIFT_OPTIMIZATION_LEVEL = "-Onone";
			};
			name = Debug;
		};
		6A734FF6270350D600884F5C /* Release */ = {
			isa = XCBuildConfiguration;
			buildSettings = {
				ALWAYS_SEARCH_USER_PATHS = NO;
				CLANG_ANALYZER_NONNULL = YES;
				CLANG_ANALYZER_NUMBER_OBJECT_CONVERSION = YES_AGGRESSIVE;
				CLANG_CXX_LANGUAGE_STANDARD = "gnu++14";
				CLANG_CXX_LIBRARY = "libc++";
				CLANG_ENABLE_MODULES = YES;
				CLANG_ENABLE_OBJC_ARC = YES;
				CLANG_ENABLE_OBJC_WEAK = YES;
				CLANG_WARN_BLOCK_CAPTURE_AUTORELEASING = YES;
				CLANG_WARN_BOOL_CONVERSION = YES;
				CLANG_WARN_COMMA = YES;
				CLANG_WARN_CONSTANT_CONVERSION = YES;
				CLANG_WARN_DEPRECATED_OBJC_IMPLEMENTATIONS = YES;
				CLANG_WARN_DIRECT_OBJC_ISA_USAGE = YES_ERROR;
				CLANG_WARN_DOCUMENTATION_COMMENTS = YES;
				CLANG_WARN_EMPTY_BODY = YES;
				CLANG_WARN_ENUM_CONVERSION = YES;
				CLANG_WARN_INFINITE_RECURSION = YES;
				CLANG_WARN_INT_CONVERSION = YES;
				CLANG_WARN_NON_LITERAL_NULL_CONVERSION = YES;
				CLANG_WARN_OBJC_IMPLICIT_RETAIN_SELF = YES;
				CLANG_WARN_OBJC_LITERAL_CONVERSION = YES;
				CLANG_WARN_OBJC_ROOT_CLASS = YES_ERROR;
				CLANG_WARN_QUOTED_INCLUDE_IN_FRAMEWORK_HEADER = YES;
				CLANG_WARN_RANGE_LOOP_ANALYSIS = YES;
				CLANG_WARN_STRICT_PROTOTYPES = YES;
				CLANG_WARN_SUSPICIOUS_MOVE = YES;
				CLANG_WARN_UNGUARDED_AVAILABILITY = YES_AGGRESSIVE;
				CLANG_WARN_UNREACHABLE_CODE = YES;
				CLANG_WARN__DUPLICATE_METHOD_MATCH = YES;
				COPY_PHASE_STRIP = NO;
				DEBUG_INFORMATION_FORMAT = "dwarf-with-dsym";
				ENABLE_NS_ASSERTIONS = NO;
				ENABLE_STRICT_OBJC_MSGSEND = YES;
				GCC_C_LANGUAGE_STANDARD = gnu11;
				GCC_NO_COMMON_BLOCKS = YES;
				GCC_WARN_64_TO_32_BIT_CONVERSION = YES;
				GCC_WARN_ABOUT_RETURN_TYPE = YES_ERROR;
				GCC_WARN_UNDECLARED_SELECTOR = YES;
				GCC_WARN_UNINITIALIZED_AUTOS = YES_AGGRESSIVE;
				GCC_WARN_UNUSED_FUNCTION = YES;
				GCC_WARN_UNUSED_VARIABLE = YES;
				IPHONEOS_DEPLOYMENT_TARGET = 14.4;
				MTL_ENABLE_DEBUG_INFO = NO;
				MTL_FAST_MATH = YES;
				SDKROOT = iphoneos;
				SWIFT_COMPILATION_MODE = wholemodule;
				SWIFT_OPTIMIZATION_LEVEL = "-O";
				VALIDATE_PRODUCT = YES;
			};
			name = Release;
		};
		6A734FF8270350D600884F5C /* Debug */ = {
			isa = XCBuildConfiguration;
			buildSettings = {
				ASSETCATALOG_COMPILER_APPICON_NAME = AppIcon;
				ASSETCATALOG_COMPILER_GLOBAL_ACCENT_COLOR_NAME = AccentColor;
				CODE_SIGN_STYLE = Automatic;
				DEVELOPMENT_ASSET_PATHS = "\"BBOXX/Preview Content\"";
				DEVELOPMENT_TEAM = 93A6S4WHC4;
				ENABLE_PREVIEWS = YES;
				INFOPLIST_FILE = BBOXX/Info.plist;
				IPHONEOS_DEPLOYMENT_TARGET = 14.0;
				LD_RUNPATH_SEARCH_PATHS = (
					"$(inherited)",
					"@executable_path/Frameworks",
				);
				PRODUCT_BUNDLE_IDENTIFIER = com.lena.BBOXX;
				PRODUCT_NAME = "$(TARGET_NAME)";
				SWIFT_VERSION = 5.0;
				TARGETED_DEVICE_FAMILY = "1,2";
			};
			name = Debug;
		};
		6A734FF9270350D600884F5C /* Release */ = {
			isa = XCBuildConfiguration;
			buildSettings = {
				ASSETCATALOG_COMPILER_APPICON_NAME = AppIcon;
				ASSETCATALOG_COMPILER_GLOBAL_ACCENT_COLOR_NAME = AccentColor;
				CODE_SIGN_STYLE = Automatic;
				DEVELOPMENT_ASSET_PATHS = "\"BBOXX/Preview Content\"";
				DEVELOPMENT_TEAM = 93A6S4WHC4;
				ENABLE_PREVIEWS = YES;
				INFOPLIST_FILE = BBOXX/Info.plist;
				IPHONEOS_DEPLOYMENT_TARGET = 14.0;
				LD_RUNPATH_SEARCH_PATHS = (
					"$(inherited)",
					"@executable_path/Frameworks",
				);
				PRODUCT_BUNDLE_IDENTIFIER = com.lena.BBOXX;
				PRODUCT_NAME = "$(TARGET_NAME)";
				SWIFT_VERSION = 5.0;
				TARGETED_DEVICE_FAMILY = "1,2";
			};
			name = Release;
		};
		6A734FFB270350D600884F5C /* Debug */ = {
			isa = XCBuildConfiguration;
			buildSettings = {
				ALWAYS_EMBED_SWIFT_STANDARD_LIBRARIES = YES;
				BUNDLE_LOADER = "$(TEST_HOST)";
				CODE_SIGN_STYLE = Automatic;
				DEVELOPMENT_TEAM = 93A6S4WHC4;
				INFOPLIST_FILE = BBOXXTests/Info.plist;
				IPHONEOS_DEPLOYMENT_TARGET = 14.0;
				LD_RUNPATH_SEARCH_PATHS = (
					"$(inherited)",
					"@executable_path/Frameworks",
					"@loader_path/Frameworks",
				);
				PRODUCT_BUNDLE_IDENTIFIER = com.lena.BBOXXTests;
				PRODUCT_NAME = "$(TARGET_NAME)";
				SWIFT_VERSION = 5.0;
				TARGETED_DEVICE_FAMILY = "1,2";
				TEST_HOST = "$(BUILT_PRODUCTS_DIR)/BBOXX.app/BBOXX";
			};
			name = Debug;
		};
		6A734FFC270350D600884F5C /* Release */ = {
			isa = XCBuildConfiguration;
			buildSettings = {
				ALWAYS_EMBED_SWIFT_STANDARD_LIBRARIES = YES;
				BUNDLE_LOADER = "$(TEST_HOST)";
				CODE_SIGN_STYLE = Automatic;
				DEVELOPMENT_TEAM = 93A6S4WHC4;
				INFOPLIST_FILE = BBOXXTests/Info.plist;
				IPHONEOS_DEPLOYMENT_TARGET = 14.0;
				LD_RUNPATH_SEARCH_PATHS = (
					"$(inherited)",
					"@executable_path/Frameworks",
					"@loader_path/Frameworks",
				);
				PRODUCT_BUNDLE_IDENTIFIER = com.lena.BBOXXTests;
				PRODUCT_NAME = "$(TARGET_NAME)";
				SWIFT_VERSION = 5.0;
				TARGETED_DEVICE_FAMILY = "1,2";
				TEST_HOST = "$(BUILT_PRODUCTS_DIR)/BBOXX.app/BBOXX";
			};
			name = Release;
		};
		6A734FFE270350D600884F5C /* Debug */ = {
			isa = XCBuildConfiguration;
			buildSettings = {
				ALWAYS_EMBED_SWIFT_STANDARD_LIBRARIES = YES;
				CODE_SIGN_STYLE = Automatic;
				DEVELOPMENT_TEAM = 93A6S4WHC4;
				INFOPLIST_FILE = BBOXXUITests/Info.plist;
				LD_RUNPATH_SEARCH_PATHS = (
					"$(inherited)",
					"@executable_path/Frameworks",
					"@loader_path/Frameworks",
				);
				PRODUCT_BUNDLE_IDENTIFIER = com.lena.BBOXXUITests;
				PRODUCT_NAME = "$(TARGET_NAME)";
				SWIFT_VERSION = 5.0;
				TARGETED_DEVICE_FAMILY = "1,2";
				TEST_TARGET_NAME = BBOXX;
			};
			name = Debug;
		};
		6A734FFF270350D600884F5C /* Release */ = {
			isa = XCBuildConfiguration;
			buildSettings = {
				ALWAYS_EMBED_SWIFT_STANDARD_LIBRARIES = YES;
				CODE_SIGN_STYLE = Automatic;
				DEVELOPMENT_TEAM = 93A6S4WHC4;
				INFOPLIST_FILE = BBOXXUITests/Info.plist;
				LD_RUNPATH_SEARCH_PATHS = (
					"$(inherited)",
					"@executable_path/Frameworks",
					"@loader_path/Frameworks",
				);
				PRODUCT_BUNDLE_IDENTIFIER = com.lena.BBOXXUITests;
				PRODUCT_NAME = "$(TARGET_NAME)";
				SWIFT_VERSION = 5.0;
				TARGETED_DEVICE_FAMILY = "1,2";
				TEST_TARGET_NAME = BBOXX;
			};
			name = Release;
		};
/* End XCBuildConfiguration section */

/* Begin XCConfigurationList section */
		6A734FCD270350D400884F5C /* Build configuration list for PBXProject "BBOXX" */ = {
			isa = XCConfigurationList;
			buildConfigurations = (
				6A734FF5270350D600884F5C /* Debug */,
				6A734FF6270350D600884F5C /* Release */,
			);
			defaultConfigurationIsVisible = 0;
			defaultConfigurationName = Release;
		};
		6A734FF7270350D600884F5C /* Build configuration list for PBXNativeTarget "BBOXX" */ = {
			isa = XCConfigurationList;
			buildConfigurations = (
				6A734FF8270350D600884F5C /* Debug */,
				6A734FF9270350D600884F5C /* Release */,
			);
			defaultConfigurationIsVisible = 0;
			defaultConfigurationName = Release;
		};
		6A734FFA270350D600884F5C /* Build configuration list for PBXNativeTarget "BBOXXTests" */ = {
			isa = XCConfigurationList;
			buildConfigurations = (
				6A734FFB270350D600884F5C /* Debug */,
				6A734FFC270350D600884F5C /* Release */,
			);
			defaultConfigurationIsVisible = 0;
			defaultConfigurationName = Release;
		};
		6A734FFD270350D600884F5C /* Build configuration list for PBXNativeTarget "BBOXXUITests" */ = {
			isa = XCConfigurationList;
			buildConfigurations = (
				6A734FFE270350D600884F5C /* Debug */,
				6A734FFF270350D600884F5C /* Release */,
			);
			defaultConfigurationIsVisible = 0;
			defaultConfigurationName = Release;
		};
/* End XCConfigurationList section */
	};
	rootObject = 6A734FCA270350D400884F5C /* Project object */;
}
