// !$*UTF8*$!
{
	archiveVersion = 1;
	classes = {
	};
	objectVersion = 51;
	objects = {

/* Begin PBXBuildFile section */
		4527B84027083E0E003FD4F9 /* BBOXX_iOSApp.swift in Sources */ = {isa = PBXBuildFile; fileRef = 4527B83F27083E0E003FD4F9 /* BBOXX_iOSApp.swift */; };
		4527B84227083E0E003FD4F9 /* ContentView.swift in Sources */ = {isa = PBXBuildFile; fileRef = 4527B84127083E0E003FD4F9 /* ContentView.swift */; };
		4527B84427083E11003FD4F9 /* Assets.xcassets in Resources */ = {isa = PBXBuildFile; fileRef = 4527B84327083E11003FD4F9 /* Assets.xcassets */; };
		4527B84727083E11003FD4F9 /* Preview Assets.xcassets in Resources */ = {isa = PBXBuildFile; fileRef = 4527B84627083E11003FD4F9 /* Preview Assets.xcassets */; };
		45817753271DBD8700036086 /* RoundedCorner.swift in Sources */ = {isa = PBXBuildFile; fileRef = 45817752271DBD8700036086 /* RoundedCorner.swift */; };
		4581E9B227202E7A00DEEC76 /* UserService.swift in Sources */ = {isa = PBXBuildFile; fileRef = 4581E9B127202E7A00DEEC76 /* UserService.swift */; };
		458F31482729285200F4C7EA /* Pretendard-Regular.otf in Resources */ = {isa = PBXBuildFile; fileRef = 458F313F2729285200F4C7EA /* Pretendard-Regular.otf */; };
		458F31492729285200F4C7EA /* Pretendard-Bold.otf in Resources */ = {isa = PBXBuildFile; fileRef = 458F31402729285200F4C7EA /* Pretendard-Bold.otf */; };
		458F314A2729285200F4C7EA /* Pretendard-Thin.otf in Resources */ = {isa = PBXBuildFile; fileRef = 458F31412729285200F4C7EA /* Pretendard-Thin.otf */; };
		458F314B2729285200F4C7EA /* Pretendard-Medium.otf in Resources */ = {isa = PBXBuildFile; fileRef = 458F31422729285200F4C7EA /* Pretendard-Medium.otf */; };
		458F314C2729285200F4C7EA /* Pretendard-Black.otf in Resources */ = {isa = PBXBuildFile; fileRef = 458F31432729285200F4C7EA /* Pretendard-Black.otf */; };
		458F314D2729285200F4C7EA /* Pretendard-ExtraLight.otf in Resources */ = {isa = PBXBuildFile; fileRef = 458F31442729285200F4C7EA /* Pretendard-ExtraLight.otf */; };
		458F314E2729285200F4C7EA /* Pretendard-Light.otf in Resources */ = {isa = PBXBuildFile; fileRef = 458F31452729285200F4C7EA /* Pretendard-Light.otf */; };
		458F314F2729285200F4C7EA /* Pretendard-ExtraBold.otf in Resources */ = {isa = PBXBuildFile; fileRef = 458F31462729285200F4C7EA /* Pretendard-ExtraBold.otf */; };
		458F31502729285200F4C7EA /* Pretendard-SemiBold.otf in Resources */ = {isa = PBXBuildFile; fileRef = 458F31472729285200F4C7EA /* Pretendard-SemiBold.otf */; };
		4593F9C8272A38B50006F8A2 /* TagView.swift in Sources */ = {isa = PBXBuildFile; fileRef = 4593F9C7272A38B50006F8A2 /* TagView.swift */; };
		45A83B37272C71FB0057D4C1 /* Secret.swift in Sources */ = {isa = PBXBuildFile; fileRef = 45A83B36272C71FB0057D4C1 /* Secret.swift */; };
		45B7B6872728EB15006B8B9E /* CustomTwoButton.swift in Sources */ = {isa = PBXBuildFile; fileRef = 45B7B6862728EB15006B8B9E /* CustomTwoButton.swift */; };
		45C84DAA27240396000E4886 /* GoogleService-Info.plist in Resources */ = {isa = PBXBuildFile; fileRef = 45C84DA927240396000E4886 /* GoogleService-Info.plist */; };
		45C84DB527240462000E4886 /* Secret.swift in Sources */ = {isa = PBXBuildFile; fileRef = 45C84DB427240462000E4886 /* Secret.swift */; };
		45CE93512720FECF00ED60C5 /* Response.swift in Sources */ = {isa = PBXBuildFile; fileRef = 45CE93502720FECF00ED60C5 /* Response.swift */; };
		45D58A66273A4B1F007FC785 /* API.swift in Sources */ = {isa = PBXBuildFile; fileRef = 45D58A65273A4B1F007FC785 /* API.swift */; };
		45D58A69273A4B29007FC785 /* APIEventLogger.swift in Sources */ = {isa = PBXBuildFile; fileRef = 45D58A68273A4B29007FC785 /* APIEventLogger.swift */; };
		45D58A6C273A4B35007FC785 /* HTTPHeaderField.swift in Sources */ = {isa = PBXBuildFile; fileRef = 45D58A6B273A4B35007FC785 /* HTTPHeaderField.swift */; };
		45D58A6F273A4B4E007FC785 /* MyRequestInterceptor.swift in Sources */ = {isa = PBXBuildFile; fileRef = 45D58A6E273A4B4E007FC785 /* MyRequestInterceptor.swift */; };
		45D58A72273A4B5A007FC785 /* TargetType.swift in Sources */ = {isa = PBXBuildFile; fileRef = 45D58A71273A4B5A007FC785 /* TargetType.swift */; };
		45D58A76273A4BCD007FC785 /* MyAuthenticationCredential.swift in Sources */ = {isa = PBXBuildFile; fileRef = 45D58A75273A4BCD007FC785 /* MyAuthenticationCredential.swift */; };
		45D58A79273A4BE6007FC785 /* MyAuthenticator.swift in Sources */ = {isa = PBXBuildFile; fileRef = 45D58A78273A4BE6007FC785 /* MyAuthenticator.swift */; };
		45D58A7D273A4C27007FC785 /* AuthService.swift in Sources */ = {isa = PBXBuildFile; fileRef = 45D58A7C273A4C27007FC785 /* AuthService.swift */; };
		45D58A80273A4C38007FC785 /* DecibelService.swift in Sources */ = {isa = PBXBuildFile; fileRef = 45D58A7F273A4C38007FC785 /* DecibelService.swift */; };
		45D58A83273A4C42007FC785 /* FeelingNoteService.swift in Sources */ = {isa = PBXBuildFile; fileRef = 45D58A82273A4C42007FC785 /* FeelingNoteService.swift */; };
		45D58A86273A4C4C007FC785 /* GrowthNoteService.swift in Sources */ = {isa = PBXBuildFile; fileRef = 45D58A85273A4C4C007FC785 /* GrowthNoteService.swift */; };
		45D58A89273A4C58007FC785 /* NetworkResult.swift in Sources */ = {isa = PBXBuildFile; fileRef = 45D58A88273A4C58007FC785 /* NetworkResult.swift */; };
		45D58A98273A4C9C007FC785 /* NicknameResponse.swift in Sources */ = {isa = PBXBuildFile; fileRef = 45D58A8F273A4C9C007FC785 /* NicknameResponse.swift */; };
		45D58A99273A4C9C007FC785 /* DecibelResponse.swift in Sources */ = {isa = PBXBuildFile; fileRef = 45D58A90273A4C9C007FC785 /* DecibelResponse.swift */; };
		45D58A9A273A4C9C007FC785 /* FeelingNoteResponse.swift in Sources */ = {isa = PBXBuildFile; fileRef = 45D58A91273A4C9C007FC785 /* FeelingNoteResponse.swift */; };
		45D58A9B273A4C9C007FC785 /* OnboardingScreen.swift in Sources */ = {isa = PBXBuildFile; fileRef = 45D58A92273A4C9C007FC785 /* OnboardingScreen.swift */; };
		45D58A9C273A4C9C007FC785 /* TokenResponse.swift in Sources */ = {isa = PBXBuildFile; fileRef = 45D58A93273A4C9C007FC785 /* TokenResponse.swift */; };
		45D58A9D273A4C9C007FC785 /* GrowthNoteResponse.swift in Sources */ = {isa = PBXBuildFile; fileRef = 45D58A94273A4C9C007FC785 /* GrowthNoteResponse.swift */; };
		45D58A9E273A4C9C007FC785 /* EmotionsResponse.swift in Sources */ = {isa = PBXBuildFile; fileRef = 45D58A95273A4C9C007FC785 /* EmotionsResponse.swift */; };
		45D58A9F273A4C9C007FC785 /* Notification.swift in Sources */ = {isa = PBXBuildFile; fileRef = 45D58A96273A4C9C007FC785 /* Notification.swift */; };
		45D58AA0273A4C9C007FC785 /* UserResponse.swift in Sources */ = {isa = PBXBuildFile; fileRef = 45D58A97273A4C9C007FC785 /* UserResponse.swift */; };
		45D58AA4273A4CCF007FC785 /* ProviderType.swift in Sources */ = {isa = PBXBuildFile; fileRef = 45D58AA3273A4CCF007FC785 /* ProviderType.swift */; };
		45D58AAB273A4D1C007FC785 /* NotificationCell.swift in Sources */ = {isa = PBXBuildFile; fileRef = 45D58AA7273A4D1C007FC785 /* NotificationCell.swift */; };
		45D58AAC273A4D1C007FC785 /* DecibelMeasurementResultView.swift in Sources */ = {isa = PBXBuildFile; fileRef = 45D58AA8273A4D1C007FC785 /* DecibelMeasurementResultView.swift */; };
		45D58AAD273A4D1C007FC785 /* DecibelMeasurementView.swift in Sources */ = {isa = PBXBuildFile; fileRef = 45D58AA9273A4D1C007FC785 /* DecibelMeasurementView.swift */; };
		45D58AAE273A4D1C007FC785 /* NotificationListView.swift in Sources */ = {isa = PBXBuildFile; fileRef = 45D58AAA273A4D1C007FC785 /* NotificationListView.swift */; };
		45D58AB6273A4D83007FC785 /* FeelingNoteRemindView.swift in Sources */ = {isa = PBXBuildFile; fileRef = 45D58AB1273A4D83007FC785 /* FeelingNoteRemindView.swift */; };
		45D58AB7273A4D83007FC785 /* FeelingNoteReviewView.swift in Sources */ = {isa = PBXBuildFile; fileRef = 45D58AB2273A4D83007FC785 /* FeelingNoteReviewView.swift */; };
		45D58AB8273A4D83007FC785 /* FeelingNoteResultView.swift in Sources */ = {isa = PBXBuildFile; fileRef = 45D58AB3273A4D83007FC785 /* FeelingNoteResultView.swift */; };
		45D58AB9273A4D83007FC785 /* FeelingNoteDeleteCompleteView.swift in Sources */ = {isa = PBXBuildFile; fileRef = 45D58AB4273A4D83007FC785 /* FeelingNoteDeleteCompleteView.swift */; };
		45D58ABA273A4D83007FC785 /* FeelingNoteWritingView.swift in Sources */ = {isa = PBXBuildFile; fileRef = 45D58AB5273A4D83007FC785 /* FeelingNoteWritingView.swift */; };
		45D58AC2273A4DA5007FC785 /* GrowthNoteCell.swift in Sources */ = {isa = PBXBuildFile; fileRef = 45D58ABD273A4DA5007FC785 /* GrowthNoteCell.swift */; };
		45D58AC3273A4DA5007FC785 /* GrowthNoteDetailView.swift in Sources */ = {isa = PBXBuildFile; fileRef = 45D58ABE273A4DA5007FC785 /* GrowthNoteDetailView.swift */; };
		45D58AC4273A4DA5007FC785 /* GrowthNoteWritingView.swift in Sources */ = {isa = PBXBuildFile; fileRef = 45D58ABF273A4DA5007FC785 /* GrowthNoteWritingView.swift */; };
		45D58AC5273A4DA5007FC785 /* GrowthNoteResultView.swift in Sources */ = {isa = PBXBuildFile; fileRef = 45D58AC0273A4DA5007FC785 /* GrowthNoteResultView.swift */; };
		45D58AC6273A4DA5007FC785 /* GrowthNoteCollectionView.swift in Sources */ = {isa = PBXBuildFile; fileRef = 45D58AC1273A4DA5007FC785 /* GrowthNoteCollectionView.swift */; };
		45D58ACF273A4DCD007FC785 /* OnboardingLastView.swift in Sources */ = {isa = PBXBuildFile; fileRef = 45D58AC9273A4DCC007FC785 /* OnboardingLastView.swift */; };
		45D58AD0273A4DCD007FC785 /* CreateNicknameView.swift in Sources */ = {isa = PBXBuildFile; fileRef = 45D58ACA273A4DCC007FC785 /* CreateNicknameView.swift */; };
		45D58AD1273A4DCD007FC785 /* OnboardingView.swift in Sources */ = {isa = PBXBuildFile; fileRef = 45D58ACB273A4DCC007FC785 /* OnboardingView.swift */; };
		45D58AD2273A4DCD007FC785 /* SignInView.swift in Sources */ = {isa = PBXBuildFile; fileRef = 45D58ACC273A4DCC007FC785 /* SignInView.swift */; };
		45D58AD3273A4DCD007FC785 /* SplashView.swift in Sources */ = {isa = PBXBuildFile; fileRef = 45D58ACD273A4DCC007FC785 /* SplashView.swift */; };
		45D58AD4273A4DCD007FC785 /* OffsetPageTabView.swift in Sources */ = {isa = PBXBuildFile; fileRef = 45D58ACE273A4DCC007FC785 /* OffsetPageTabView.swift */; };
		45D58AD9273A4DDD007FC785 /* MainEmptySelectionView.swift in Sources */ = {isa = PBXBuildFile; fileRef = 45D58AD7273A4DDD007FC785 /* MainEmptySelectionView.swift */; };
		45D58ADA273A4DDD007FC785 /* MainView.swift in Sources */ = {isa = PBXBuildFile; fileRef = 45D58AD8273A4DDD007FC785 /* MainView.swift */; };
		45D58AE1273A4E04007FC785 /* View+Extension.swift in Sources */ = {isa = PBXBuildFile; fileRef = 45D58ADD273A4E04007FC785 /* View+Extension.swift */; };
		45D58AE2273A4E04007FC785 /* API+Extension.swift in Sources */ = {isa = PBXBuildFile; fileRef = 45D58ADE273A4E04007FC785 /* API+Extension.swift */; };
		45D58AE3273A4E04007FC785 /* UserDefaults+Extension.swift in Sources */ = {isa = PBXBuildFile; fileRef = 45D58ADF273A4E04007FC785 /* UserDefaults+Extension.swift */; };
		45D58AE4273A4E04007FC785 /* Value+Codable+Extension.swift in Sources */ = {isa = PBXBuildFile; fileRef = 45D58AE0273A4E04007FC785 /* Value+Codable+Extension.swift */; };
		45D58AEB273A4E42007FC785 /* DecibelMeasurementResultViewModel.swift in Sources */ = {isa = PBXBuildFile; fileRef = 45D58AE7273A4E42007FC785 /* DecibelMeasurementResultViewModel.swift */; };
		45D58AEC273A4E42007FC785 /* NotificationListViewModel.swift in Sources */ = {isa = PBXBuildFile; fileRef = 45D58AE8273A4E42007FC785 /* NotificationListViewModel.swift */; };
		45D58AED273A4E42007FC785 /* BottomCard.swift in Sources */ = {isa = PBXBuildFile; fileRef = 45D58AE9273A4E42007FC785 /* BottomCard.swift */; };
		45D58AEE273A4E42007FC785 /* DecibelMeasurementViewModel.swift in Sources */ = {isa = PBXBuildFile; fileRef = 45D58AEA273A4E42007FC785 /* DecibelMeasurementViewModel.swift */; };
		45D58AF3273A4E6B007FC785 /* CreateNicknameViewModel.swift in Sources */ = {isa = PBXBuildFile; fileRef = 45D58AF1273A4E6B007FC785 /* CreateNicknameViewModel.swift */; };
		45D58AF4273A4E6B007FC785 /* SignInViewModel.swift in Sources */ = {isa = PBXBuildFile; fileRef = 45D58AF2273A4E6B007FC785 /* SignInViewModel.swift */; };
		45D58AF8273A4E81007FC785 /* MainViewModel.swift in Sources */ = {isa = PBXBuildFile; fileRef = 45D58AF7273A4E81007FC785 /* MainViewModel.swift */; };
		45D58AFF273A4E98007FC785 /* FeelingNoteRemindViewModel.swift in Sources */ = {isa = PBXBuildFile; fileRef = 45D58AFB273A4E98007FC785 /* FeelingNoteRemindViewModel.swift */; };
		45D58B00273A4E98007FC785 /* FeelingNoteWritingViewModel.swift in Sources */ = {isa = PBXBuildFile; fileRef = 45D58AFC273A4E98007FC785 /* FeelingNoteWritingViewModel.swift */; };
		45D58B01273A4E98007FC785 /* FeelingNoteResultViewModel.swift in Sources */ = {isa = PBXBuildFile; fileRef = 45D58AFD273A4E98007FC785 /* FeelingNoteResultViewModel.swift */; };
		45D58B02273A4E98007FC785 /* FeelingNoteReviewViewModel.swift in Sources */ = {isa = PBXBuildFile; fileRef = 45D58AFE273A4E98007FC785 /* FeelingNoteReviewViewModel.swift */; };
		45D58B07273A4EBA007FC785 /* GrowthNoteCollectionViewModel.swift in Sources */ = {isa = PBXBuildFile; fileRef = 45D58B05273A4EBA007FC785 /* GrowthNoteCollectionViewModel.swift */; };
		45D58B08273A4EBA007FC785 /* GrowthNoteWritingViewModel.swift in Sources */ = {isa = PBXBuildFile; fileRef = 45D58B06273A4EBA007FC785 /* GrowthNoteWritingViewModel.swift */; };
		6A02124D270A1BA9002828D9 /* APICall.swift in Sources */ = {isa = PBXBuildFile; fileRef = 6A02124C270A1BA9002828D9 /* APICall.swift */; };
		6A02125C270A1EBC002828D9 /* AppDelegate.swift in Sources */ = {isa = PBXBuildFile; fileRef = 6A02125B270A1EBC002828D9 /* AppDelegate.swift */; };
		6AC41442272C57B400935C43 /* OnboardingViewModel.swift in Sources */ = {isa = PBXBuildFile; fileRef = 6AC41441272C57B400935C43 /* OnboardingViewModel.swift */; };
		6ACBC5AE2723ECB9002E1E55 /* AppleSignInCoordinator.swift in Sources */ = {isa = PBXBuildFile; fileRef = 6ACBC5AD2723ECB9002E1E55 /* AppleSignInCoordinator.swift */; };
		6ACBC5B32723ED70002E1E55 /* ImageAssets.swift in Sources */ = {isa = PBXBuildFile; fileRef = 6ACBC5B22723ED70002E1E55 /* ImageAssets.swift */; };
		DD4210FBA9708BEA00AE62DB /* Pods_BBOXX_iOS.framework in Frameworks */ = {isa = PBXBuildFile; fileRef = 007B292E7C0B660A83EBD98B /* Pods_BBOXX_iOS.framework */; };
/* End PBXBuildFile section */

/* Begin PBXFileReference section */
		007B292E7C0B660A83EBD98B /* Pods_BBOXX_iOS.framework */ = {isa = PBXFileReference; explicitFileType = wrapper.framework; includeInIndex = 0; path = Pods_BBOXX_iOS.framework; sourceTree = BUILT_PRODUCTS_DIR; };
		41DD7FB7BE6D37E480449BAC /* Pods-BBOXX-iOS.debug.xcconfig */ = {isa = PBXFileReference; includeInIndex = 1; lastKnownFileType = text.xcconfig; name = "Pods-BBOXX-iOS.debug.xcconfig"; path = "Target Support Files/Pods-BBOXX-iOS/Pods-BBOXX-iOS.debug.xcconfig"; sourceTree = "<group>"; };
		4527B83C27083E0E003FD4F9 /* BBOXX-iOS.app */ = {isa = PBXFileReference; explicitFileType = wrapper.application; includeInIndex = 0; path = "BBOXX-iOS.app"; sourceTree = BUILT_PRODUCTS_DIR; };
		4527B83F27083E0E003FD4F9 /* BBOXX_iOSApp.swift */ = {isa = PBXFileReference; lastKnownFileType = sourcecode.swift; path = BBOXX_iOSApp.swift; sourceTree = "<group>"; };
		4527B84127083E0E003FD4F9 /* ContentView.swift */ = {isa = PBXFileReference; lastKnownFileType = sourcecode.swift; path = ContentView.swift; sourceTree = "<group>"; };
		4527B84327083E11003FD4F9 /* Assets.xcassets */ = {isa = PBXFileReference; lastKnownFileType = folder.assetcatalog; path = Assets.xcassets; sourceTree = "<group>"; };
		4527B84627083E11003FD4F9 /* Preview Assets.xcassets */ = {isa = PBXFileReference; lastKnownFileType = folder.assetcatalog; path = "Preview Assets.xcassets"; sourceTree = "<group>"; };
		4527B84827083E11003FD4F9 /* Info.plist */ = {isa = PBXFileReference; lastKnownFileType = text.plist.xml; path = Info.plist; sourceTree = "<group>"; };
		45817752271DBD8700036086 /* RoundedCorner.swift */ = {isa = PBXFileReference; lastKnownFileType = sourcecode.swift; path = RoundedCorner.swift; sourceTree = "<group>"; };
		4581E9B127202E7A00DEEC76 /* UserService.swift */ = {isa = PBXFileReference; lastKnownFileType = sourcecode.swift; path = UserService.swift; sourceTree = "<group>"; };
		458F313F2729285200F4C7EA /* Pretendard-Regular.otf */ = {isa = PBXFileReference; lastKnownFileType = file; path = "Pretendard-Regular.otf"; sourceTree = "<group>"; };
		458F31402729285200F4C7EA /* Pretendard-Bold.otf */ = {isa = PBXFileReference; lastKnownFileType = file; path = "Pretendard-Bold.otf"; sourceTree = "<group>"; };
		458F31412729285200F4C7EA /* Pretendard-Thin.otf */ = {isa = PBXFileReference; lastKnownFileType = file; path = "Pretendard-Thin.otf"; sourceTree = "<group>"; };
		458F31422729285200F4C7EA /* Pretendard-Medium.otf */ = {isa = PBXFileReference; lastKnownFileType = file; path = "Pretendard-Medium.otf"; sourceTree = "<group>"; };
		458F31432729285200F4C7EA /* Pretendard-Black.otf */ = {isa = PBXFileReference; lastKnownFileType = file; path = "Pretendard-Black.otf"; sourceTree = "<group>"; };
		458F31442729285200F4C7EA /* Pretendard-ExtraLight.otf */ = {isa = PBXFileReference; lastKnownFileType = file; path = "Pretendard-ExtraLight.otf"; sourceTree = "<group>"; };
		458F31452729285200F4C7EA /* Pretendard-Light.otf */ = {isa = PBXFileReference; lastKnownFileType = file; path = "Pretendard-Light.otf"; sourceTree = "<group>"; };
		458F31462729285200F4C7EA /* Pretendard-ExtraBold.otf */ = {isa = PBXFileReference; lastKnownFileType = file; path = "Pretendard-ExtraBold.otf"; sourceTree = "<group>"; };
		458F31472729285200F4C7EA /* Pretendard-SemiBold.otf */ = {isa = PBXFileReference; lastKnownFileType = file; path = "Pretendard-SemiBold.otf"; sourceTree = "<group>"; };
		4593F9C7272A38B50006F8A2 /* TagView.swift */ = {isa = PBXFileReference; lastKnownFileType = sourcecode.swift; path = TagView.swift; sourceTree = "<group>"; };
		45A83B36272C71FB0057D4C1 /* Secret.swift */ = {isa = PBXFileReference; fileEncoding = 4; lastKnownFileType = sourcecode.swift; path = Secret.swift; sourceTree = "<group>"; };
		45B7B6862728EB15006B8B9E /* CustomTwoButton.swift */ = {isa = PBXFileReference; lastKnownFileType = sourcecode.swift; path = CustomTwoButton.swift; sourceTree = "<group>"; };
		45C84DA927240396000E4886 /* GoogleService-Info.plist */ = {isa = PBXFileReference; fileEncoding = 4; lastKnownFileType = text.plist.xml; path = "GoogleService-Info.plist"; sourceTree = "<group>"; };
		45C84DB427240462000E4886 /* Secret.swift */ = {isa = PBXFileReference; lastKnownFileType = sourcecode.swift; path = Secret.swift; sourceTree = "<group>"; };
		45CE93502720FECF00ED60C5 /* Response.swift */ = {isa = PBXFileReference; lastKnownFileType = sourcecode.swift; path = Response.swift; sourceTree = "<group>"; };
		45D58A65273A4B1F007FC785 /* API.swift */ = {isa = PBXFileReference; lastKnownFileType = sourcecode.swift; path = API.swift; sourceTree = "<group>"; };
		45D58A68273A4B29007FC785 /* APIEventLogger.swift */ = {isa = PBXFileReference; lastKnownFileType = sourcecode.swift; path = APIEventLogger.swift; sourceTree = "<group>"; };
		45D58A6B273A4B35007FC785 /* HTTPHeaderField.swift */ = {isa = PBXFileReference; lastKnownFileType = sourcecode.swift; path = HTTPHeaderField.swift; sourceTree = "<group>"; };
		45D58A6E273A4B4E007FC785 /* MyRequestInterceptor.swift */ = {isa = PBXFileReference; lastKnownFileType = sourcecode.swift; path = MyRequestInterceptor.swift; sourceTree = "<group>"; };
		45D58A71273A4B5A007FC785 /* TargetType.swift */ = {isa = PBXFileReference; lastKnownFileType = sourcecode.swift; path = TargetType.swift; sourceTree = "<group>"; };
		45D58A75273A4BCD007FC785 /* MyAuthenticationCredential.swift */ = {isa = PBXFileReference; lastKnownFileType = sourcecode.swift; path = MyAuthenticationCredential.swift; sourceTree = "<group>"; };
		45D58A78273A4BE6007FC785 /* MyAuthenticator.swift */ = {isa = PBXFileReference; lastKnownFileType = sourcecode.swift; path = MyAuthenticator.swift; sourceTree = "<group>"; };
		45D58A7C273A4C27007FC785 /* AuthService.swift */ = {isa = PBXFileReference; lastKnownFileType = sourcecode.swift; path = AuthService.swift; sourceTree = "<group>"; };
		45D58A7F273A4C38007FC785 /* DecibelService.swift */ = {isa = PBXFileReference; fileEncoding = 4; lastKnownFileType = sourcecode.swift; path = DecibelService.swift; sourceTree = "<group>"; };
		45D58A82273A4C42007FC785 /* FeelingNoteService.swift */ = {isa = PBXFileReference; fileEncoding = 4; lastKnownFileType = sourcecode.swift; path = FeelingNoteService.swift; sourceTree = "<group>"; };
		45D58A85273A4C4C007FC785 /* GrowthNoteService.swift */ = {isa = PBXFileReference; fileEncoding = 4; lastKnownFileType = sourcecode.swift; path = GrowthNoteService.swift; sourceTree = "<group>"; };
		45D58A88273A4C58007FC785 /* NetworkResult.swift */ = {isa = PBXFileReference; fileEncoding = 4; lastKnownFileType = sourcecode.swift; path = NetworkResult.swift; sourceTree = "<group>"; };
		45D58A8F273A4C9C007FC785 /* NicknameResponse.swift */ = {isa = PBXFileReference; fileEncoding = 4; lastKnownFileType = sourcecode.swift; path = NicknameResponse.swift; sourceTree = "<group>"; };
		45D58A90273A4C9C007FC785 /* DecibelResponse.swift */ = {isa = PBXFileReference; fileEncoding = 4; lastKnownFileType = sourcecode.swift; path = DecibelResponse.swift; sourceTree = "<group>"; };
		45D58A91273A4C9C007FC785 /* FeelingNoteResponse.swift */ = {isa = PBXFileReference; fileEncoding = 4; lastKnownFileType = sourcecode.swift; path = FeelingNoteResponse.swift; sourceTree = "<group>"; };
		45D58A92273A4C9C007FC785 /* OnboardingScreen.swift */ = {isa = PBXFileReference; fileEncoding = 4; lastKnownFileType = sourcecode.swift; path = OnboardingScreen.swift; sourceTree = "<group>"; };
		45D58A93273A4C9C007FC785 /* TokenResponse.swift */ = {isa = PBXFileReference; fileEncoding = 4; lastKnownFileType = sourcecode.swift; path = TokenResponse.swift; sourceTree = "<group>"; };
		45D58A94273A4C9C007FC785 /* GrowthNoteResponse.swift */ = {isa = PBXFileReference; fileEncoding = 4; lastKnownFileType = sourcecode.swift; path = GrowthNoteResponse.swift; sourceTree = "<group>"; };
		45D58A95273A4C9C007FC785 /* EmotionsResponse.swift */ = {isa = PBXFileReference; fileEncoding = 4; lastKnownFileType = sourcecode.swift; path = EmotionsResponse.swift; sourceTree = "<group>"; };
		45D58A96273A4C9C007FC785 /* Notification.swift */ = {isa = PBXFileReference; fileEncoding = 4; lastKnownFileType = sourcecode.swift; path = Notification.swift; sourceTree = "<group>"; };
		45D58A97273A4C9C007FC785 /* UserResponse.swift */ = {isa = PBXFileReference; fileEncoding = 4; lastKnownFileType = sourcecode.swift; path = UserResponse.swift; sourceTree = "<group>"; };
		45D58AA3273A4CCF007FC785 /* ProviderType.swift */ = {isa = PBXFileReference; fileEncoding = 4; lastKnownFileType = sourcecode.swift; path = ProviderType.swift; sourceTree = "<group>"; };
		45D58AA7273A4D1C007FC785 /* NotificationCell.swift */ = {isa = PBXFileReference; fileEncoding = 4; lastKnownFileType = sourcecode.swift; path = NotificationCell.swift; sourceTree = "<group>"; };
		45D58AA8273A4D1C007FC785 /* DecibelMeasurementResultView.swift */ = {isa = PBXFileReference; fileEncoding = 4; lastKnownFileType = sourcecode.swift; path = DecibelMeasurementResultView.swift; sourceTree = "<group>"; };
		45D58AA9273A4D1C007FC785 /* DecibelMeasurementView.swift */ = {isa = PBXFileReference; fileEncoding = 4; lastKnownFileType = sourcecode.swift; path = DecibelMeasurementView.swift; sourceTree = "<group>"; };
		45D58AAA273A4D1C007FC785 /* NotificationListView.swift */ = {isa = PBXFileReference; fileEncoding = 4; lastKnownFileType = sourcecode.swift; path = NotificationListView.swift; sourceTree = "<group>"; };
		45D58AB1273A4D83007FC785 /* FeelingNoteRemindView.swift */ = {isa = PBXFileReference; fileEncoding = 4; lastKnownFileType = sourcecode.swift; path = FeelingNoteRemindView.swift; sourceTree = "<group>"; };
		45D58AB2273A4D83007FC785 /* FeelingNoteReviewView.swift */ = {isa = PBXFileReference; fileEncoding = 4; lastKnownFileType = sourcecode.swift; path = FeelingNoteReviewView.swift; sourceTree = "<group>"; };
		45D58AB3273A4D83007FC785 /* FeelingNoteResultView.swift */ = {isa = PBXFileReference; fileEncoding = 4; lastKnownFileType = sourcecode.swift; path = FeelingNoteResultView.swift; sourceTree = "<group>"; };
		45D58AB4273A4D83007FC785 /* FeelingNoteDeleteCompleteView.swift */ = {isa = PBXFileReference; fileEncoding = 4; lastKnownFileType = sourcecode.swift; path = FeelingNoteDeleteCompleteView.swift; sourceTree = "<group>"; };
		45D58AB5273A4D83007FC785 /* FeelingNoteWritingView.swift */ = {isa = PBXFileReference; fileEncoding = 4; lastKnownFileType = sourcecode.swift; path = FeelingNoteWritingView.swift; sourceTree = "<group>"; };
		45D58ABD273A4DA5007FC785 /* GrowthNoteCell.swift */ = {isa = PBXFileReference; fileEncoding = 4; lastKnownFileType = sourcecode.swift; path = GrowthNoteCell.swift; sourceTree = "<group>"; };
		45D58ABE273A4DA5007FC785 /* GrowthNoteDetailView.swift */ = {isa = PBXFileReference; fileEncoding = 4; lastKnownFileType = sourcecode.swift; path = GrowthNoteDetailView.swift; sourceTree = "<group>"; };
		45D58ABF273A4DA5007FC785 /* GrowthNoteWritingView.swift */ = {isa = PBXFileReference; fileEncoding = 4; lastKnownFileType = sourcecode.swift; path = GrowthNoteWritingView.swift; sourceTree = "<group>"; };
		45D58AC0273A4DA5007FC785 /* GrowthNoteResultView.swift */ = {isa = PBXFileReference; fileEncoding = 4; lastKnownFileType = sourcecode.swift; path = GrowthNoteResultView.swift; sourceTree = "<group>"; };
		45D58AC1273A4DA5007FC785 /* GrowthNoteCollectionView.swift */ = {isa = PBXFileReference; fileEncoding = 4; lastKnownFileType = sourcecode.swift; path = GrowthNoteCollectionView.swift; sourceTree = "<group>"; };
		45D58AC9273A4DCC007FC785 /* OnboardingLastView.swift */ = {isa = PBXFileReference; fileEncoding = 4; lastKnownFileType = sourcecode.swift; path = OnboardingLastView.swift; sourceTree = "<group>"; };
		45D58ACA273A4DCC007FC785 /* CreateNicknameView.swift */ = {isa = PBXFileReference; fileEncoding = 4; lastKnownFileType = sourcecode.swift; path = CreateNicknameView.swift; sourceTree = "<group>"; };
		45D58ACB273A4DCC007FC785 /* OnboardingView.swift */ = {isa = PBXFileReference; fileEncoding = 4; lastKnownFileType = sourcecode.swift; path = OnboardingView.swift; sourceTree = "<group>"; };
		45D58ACC273A4DCC007FC785 /* SignInView.swift */ = {isa = PBXFileReference; fileEncoding = 4; lastKnownFileType = sourcecode.swift; path = SignInView.swift; sourceTree = "<group>"; };
		45D58ACD273A4DCC007FC785 /* SplashView.swift */ = {isa = PBXFileReference; fileEncoding = 4; lastKnownFileType = sourcecode.swift; path = SplashView.swift; sourceTree = "<group>"; };
		45D58ACE273A4DCC007FC785 /* OffsetPageTabView.swift */ = {isa = PBXFileReference; fileEncoding = 4; lastKnownFileType = sourcecode.swift; path = OffsetPageTabView.swift; sourceTree = "<group>"; };
		45D58AD7273A4DDD007FC785 /* MainEmptySelectionView.swift */ = {isa = PBXFileReference; fileEncoding = 4; lastKnownFileType = sourcecode.swift; path = MainEmptySelectionView.swift; sourceTree = "<group>"; };
		45D58AD8273A4DDD007FC785 /* MainView.swift */ = {isa = PBXFileReference; fileEncoding = 4; lastKnownFileType = sourcecode.swift; path = MainView.swift; sourceTree = "<group>"; };
		45D58ADD273A4E04007FC785 /* View+Extension.swift */ = {isa = PBXFileReference; fileEncoding = 4; lastKnownFileType = sourcecode.swift; path = "View+Extension.swift"; sourceTree = "<group>"; };
		45D58ADE273A4E04007FC785 /* API+Extension.swift */ = {isa = PBXFileReference; fileEncoding = 4; lastKnownFileType = sourcecode.swift; path = "API+Extension.swift"; sourceTree = "<group>"; };
		45D58ADF273A4E04007FC785 /* UserDefaults+Extension.swift */ = {isa = PBXFileReference; fileEncoding = 4; lastKnownFileType = sourcecode.swift; path = "UserDefaults+Extension.swift"; sourceTree = "<group>"; };
		45D58AE0273A4E04007FC785 /* Value+Codable+Extension.swift */ = {isa = PBXFileReference; fileEncoding = 4; lastKnownFileType = sourcecode.swift; path = "Value+Codable+Extension.swift"; sourceTree = "<group>"; };
		45D58AE7273A4E42007FC785 /* DecibelMeasurementResultViewModel.swift */ = {isa = PBXFileReference; fileEncoding = 4; lastKnownFileType = sourcecode.swift; path = DecibelMeasurementResultViewModel.swift; sourceTree = "<group>"; };
		45D58AE8273A4E42007FC785 /* NotificationListViewModel.swift */ = {isa = PBXFileReference; fileEncoding = 4; lastKnownFileType = sourcecode.swift; path = NotificationListViewModel.swift; sourceTree = "<group>"; };
		45D58AE9273A4E42007FC785 /* BottomCard.swift */ = {isa = PBXFileReference; fileEncoding = 4; lastKnownFileType = sourcecode.swift; path = BottomCard.swift; sourceTree = "<group>"; };
		45D58AEA273A4E42007FC785 /* DecibelMeasurementViewModel.swift */ = {isa = PBXFileReference; fileEncoding = 4; lastKnownFileType = sourcecode.swift; path = DecibelMeasurementViewModel.swift; sourceTree = "<group>"; };
		45D58AF1273A4E6B007FC785 /* CreateNicknameViewModel.swift */ = {isa = PBXFileReference; fileEncoding = 4; lastKnownFileType = sourcecode.swift; path = CreateNicknameViewModel.swift; sourceTree = "<group>"; };
		45D58AF2273A4E6B007FC785 /* SignInViewModel.swift */ = {isa = PBXFileReference; fileEncoding = 4; lastKnownFileType = sourcecode.swift; path = SignInViewModel.swift; sourceTree = "<group>"; };
		45D58AF7273A4E81007FC785 /* MainViewModel.swift */ = {isa = PBXFileReference; fileEncoding = 4; lastKnownFileType = sourcecode.swift; path = MainViewModel.swift; sourceTree = "<group>"; };
		45D58AFB273A4E98007FC785 /* FeelingNoteRemindViewModel.swift */ = {isa = PBXFileReference; fileEncoding = 4; lastKnownFileType = sourcecode.swift; path = FeelingNoteRemindViewModel.swift; sourceTree = "<group>"; };
		45D58AFC273A4E98007FC785 /* FeelingNoteWritingViewModel.swift */ = {isa = PBXFileReference; fileEncoding = 4; lastKnownFileType = sourcecode.swift; path = FeelingNoteWritingViewModel.swift; sourceTree = "<group>"; };
		45D58AFD273A4E98007FC785 /* FeelingNoteResultViewModel.swift */ = {isa = PBXFileReference; fileEncoding = 4; lastKnownFileType = sourcecode.swift; path = FeelingNoteResultViewModel.swift; sourceTree = "<group>"; };
		45D58AFE273A4E98007FC785 /* FeelingNoteReviewViewModel.swift */ = {isa = PBXFileReference; fileEncoding = 4; lastKnownFileType = sourcecode.swift; path = FeelingNoteReviewViewModel.swift; sourceTree = "<group>"; };
		45D58B05273A4EBA007FC785 /* GrowthNoteCollectionViewModel.swift */ = {isa = PBXFileReference; fileEncoding = 4; lastKnownFileType = sourcecode.swift; path = GrowthNoteCollectionViewModel.swift; sourceTree = "<group>"; };
		45D58B06273A4EBA007FC785 /* GrowthNoteWritingViewModel.swift */ = {isa = PBXFileReference; fileEncoding = 4; lastKnownFileType = sourcecode.swift; path = GrowthNoteWritingViewModel.swift; sourceTree = "<group>"; };
		6A02124C270A1BA9002828D9 /* APICall.swift */ = {isa = PBXFileReference; lastKnownFileType = sourcecode.swift; path = APICall.swift; sourceTree = "<group>"; };
		6A02125B270A1EBC002828D9 /* AppDelegate.swift */ = {isa = PBXFileReference; lastKnownFileType = sourcecode.swift; path = AppDelegate.swift; sourceTree = "<group>"; };
		6AC41441272C57B400935C43 /* OnboardingViewModel.swift */ = {isa = PBXFileReference; lastKnownFileType = sourcecode.swift; path = OnboardingViewModel.swift; sourceTree = "<group>"; };
		6ACBC5AD2723ECB9002E1E55 /* AppleSignInCoordinator.swift */ = {isa = PBXFileReference; lastKnownFileType = sourcecode.swift; path = AppleSignInCoordinator.swift; sourceTree = "<group>"; };
		6ACBC5B22723ED70002E1E55 /* ImageAssets.swift */ = {isa = PBXFileReference; lastKnownFileType = sourcecode.swift; path = ImageAssets.swift; sourceTree = "<group>"; };
		EFDA4AFAF25925429B7FB3F5 /* Pods-BBOXX-iOS.release.xcconfig */ = {isa = PBXFileReference; includeInIndex = 1; lastKnownFileType = text.xcconfig; name = "Pods-BBOXX-iOS.release.xcconfig"; path = "Target Support Files/Pods-BBOXX-iOS/Pods-BBOXX-iOS.release.xcconfig"; sourceTree = "<group>"; };
/* End PBXFileReference section */

/* Begin PBXFrameworksBuildPhase section */
		4527B83927083E0E003FD4F9 /* Frameworks */ = {
			isa = PBXFrameworksBuildPhase;
			buildActionMask = 2147483647;
			files = (
				DD4210FBA9708BEA00AE62DB /* Pods_BBOXX_iOS.framework in Frameworks */,
			);
			runOnlyForDeploymentPostprocessing = 0;
		};
/* End PBXFrameworksBuildPhase section */

/* Begin PBXGroup section */
		4527B83327083E0E003FD4F9 = {
			isa = PBXGroup;
			children = (
				4527B83E27083E0E003FD4F9 /* BBOXX-iOS */,
				4527B83D27083E0E003FD4F9 /* Products */,
				66F83890DEBA0A4A22A8FFFD /* Pods */,
				64A0CAB9B298AFA432E27590 /* Frameworks */,
			);
			sourceTree = "<group>";
		};
		4527B83D27083E0E003FD4F9 /* Products */ = {
			isa = PBXGroup;
			children = (
				4527B83C27083E0E003FD4F9 /* BBOXX-iOS.app */,
			);
			name = Products;
			sourceTree = "<group>";
		};
		4527B83E27083E0E003FD4F9 /* BBOXX-iOS */ = {
			isa = PBXGroup;
			children = (
				45D58AA2273A4CC6007FC785 /* Enum */,
				458F3152272929AA00F4C7EA /* Supporting Files */,
				6ACBC5AF2723ECEF002E1E55 /* Networks */,
				6ACBC5AB2723EC6D002E1E55 /* Helpers */,
				45817759271DBF4100036086 /* Extensions */,
				6A021248270A1A71002828D9 /* System */,
				6A021247270A1A6A002828D9 /* Utilities */,
				6A021241270A18A1002828D9 /* Models */,
				6A02124A270A1AD8002828D9 /* Views */,
				45570FF4270AFEF100ECE13D /* ViewModels */,
				4527B84327083E11003FD4F9 /* Assets.xcassets */,
				45C84DA927240396000E4886 /* GoogleService-Info.plist */,
				4527B84527083E11003FD4F9 /* Preview Content */,
			);
			path = "BBOXX-iOS";
			sourceTree = "<group>";
		};
		4527B84527083E11003FD4F9 /* Preview Content */ = {
			isa = PBXGroup;
			children = (
				4527B84627083E11003FD4F9 /* Preview Assets.xcassets */,
			);
			path = "Preview Content";
			sourceTree = "<group>";
		};
		45570FF4270AFEF100ECE13D /* ViewModels */ = {
			isa = PBXGroup;
			children = (
				6AC41438272C222500935C43 /* Intro */,
				6AC41437272C221E00935C43 /* Main */,
				45B1EA7A272687EB006FC5F3 /* FeelingNote */,
				4596D1E1272A6A3400047C74 /* GrowthNote */,
				45D58AE9273A4E42007FC785 /* BottomCard.swift */,
				45D58AE7273A4E42007FC785 /* DecibelMeasurementResultViewModel.swift */,
				45D58AEA273A4E42007FC785 /* DecibelMeasurementViewModel.swift */,
				45D58AE8273A4E42007FC785 /* NotificationListViewModel.swift */,
				45817752271DBD8700036086 /* RoundedCorner.swift */,
				45B7B6862728EB15006B8B9E /* CustomTwoButton.swift */,
				4593F9C7272A38B50006F8A2 /* TagView.swift */,
			);
			path = ViewModels;
			sourceTree = "<group>";
		};
		45817759271DBF4100036086 /* Extensions */ = {
			isa = PBXGroup;
			children = (
				45D58ADE273A4E04007FC785 /* API+Extension.swift */,
				45D58ADF273A4E04007FC785 /* UserDefaults+Extension.swift */,
				45D58AE0273A4E04007FC785 /* Value+Codable+Extension.swift */,
				45D58ADD273A4E04007FC785 /* View+Extension.swift */,
			);
			path = Extensions;
			sourceTree = "<group>";
		};
		458F31352729280200F4C7EA /* Font */ = {
			isa = PBXGroup;
			children = (
				458F31432729285200F4C7EA /* Pretendard-Black.otf */,
				458F31402729285200F4C7EA /* Pretendard-Bold.otf */,
				458F31462729285200F4C7EA /* Pretendard-ExtraBold.otf */,
				458F31442729285200F4C7EA /* Pretendard-ExtraLight.otf */,
				458F31452729285200F4C7EA /* Pretendard-Light.otf */,
				458F31422729285200F4C7EA /* Pretendard-Medium.otf */,
				458F313F2729285200F4C7EA /* Pretendard-Regular.otf */,
				458F31472729285200F4C7EA /* Pretendard-SemiBold.otf */,
				458F31412729285200F4C7EA /* Pretendard-Thin.otf */,
			);
			path = Font;
			sourceTree = "<group>";
		};
		458F3152272929AA00F4C7EA /* Supporting Files */ = {
			isa = PBXGroup;
			children = (
				458F31352729280200F4C7EA /* Font */,
				4527B84827083E11003FD4F9 /* Info.plist */,
			);
			path = "Supporting Files";
			sourceTree = "<group>";
		};
		4594B3192727C99E00318B3B /* GrowthNote */ = {
			isa = PBXGroup;
			children = (
				45D58ABD273A4DA5007FC785 /* GrowthNoteCell.swift */,
				45D58AC1273A4DA5007FC785 /* GrowthNoteCollectionView.swift */,
				45D58ABE273A4DA5007FC785 /* GrowthNoteDetailView.swift */,
				45D58AC0273A4DA5007FC785 /* GrowthNoteResultView.swift */,
				45D58ABF273A4DA5007FC785 /* GrowthNoteWritingView.swift */,
			);
			path = GrowthNote;
			sourceTree = "<group>";
		};
		4596D1E1272A6A3400047C74 /* GrowthNote */ = {
			isa = PBXGroup;
			children = (
				45D58B06273A4EBA007FC785 /* GrowthNoteWritingViewModel.swift */,
				45D58B05273A4EBA007FC785 /* GrowthNoteCollectionViewModel.swift */,
			);
			path = GrowthNote;
			sourceTree = "<group>";
		};
		45B1EA79272687D4006FC5F3 /* FeelingNote */ = {
			isa = PBXGroup;
			children = (
				45D58AB4273A4D83007FC785 /* FeelingNoteDeleteCompleteView.swift */,
				45D58AB1273A4D83007FC785 /* FeelingNoteRemindView.swift */,
				45D58AB3273A4D83007FC785 /* FeelingNoteResultView.swift */,
				45D58AB2273A4D83007FC785 /* FeelingNoteReviewView.swift */,
				45D58AB5273A4D83007FC785 /* FeelingNoteWritingView.swift */,
			);
			path = FeelingNote;
			sourceTree = "<group>";
		};
		45B1EA7A272687EB006FC5F3 /* FeelingNote */ = {
			isa = PBXGroup;
			children = (
				45D58AFC273A4E98007FC785 /* FeelingNoteWritingViewModel.swift */,
				45D58AFB273A4E98007FC785 /* FeelingNoteRemindViewModel.swift */,
				45D58AFD273A4E98007FC785 /* FeelingNoteResultViewModel.swift */,
				45D58AFE273A4E98007FC785 /* FeelingNoteReviewViewModel.swift */,
			);
			path = FeelingNote;
			sourceTree = "<group>";
		};
		45D58A63273A4AEE007FC785 /* Base */ = {
			isa = PBXGroup;
			children = (
				45D58A65273A4B1F007FC785 /* API.swift */,
				45D58A68273A4B29007FC785 /* APIEventLogger.swift */,
				45D58A6B273A4B35007FC785 /* HTTPHeaderField.swift */,
				45D58A6E273A4B4E007FC785 /* MyRequestInterceptor.swift */,
				45D58A71273A4B5A007FC785 /* TargetType.swift */,
			);
			path = Base;
			sourceTree = "<group>";
		};
		45D58A64273A4AF5007FC785 /* OAuth */ = {
			isa = PBXGroup;
			children = (
				45D58A75273A4BCD007FC785 /* MyAuthenticationCredential.swift */,
				45D58A78273A4BE6007FC785 /* MyAuthenticator.swift */,
			);
			path = OAuth;
			sourceTree = "<group>";
		};
		45D58AA2273A4CC6007FC785 /* Enum */ = {
			isa = PBXGroup;
			children = (
				45D58AA3273A4CCF007FC785 /* ProviderType.swift */,
			);
			path = Enum;
			sourceTree = "<group>";
		};
		64A0CAB9B298AFA432E27590 /* Frameworks */ = {
			isa = PBXGroup;
			children = (
				007B292E7C0B660A83EBD98B /* Pods_BBOXX_iOS.framework */,
			);
			name = Frameworks;
			sourceTree = "<group>";
		};
		66F83890DEBA0A4A22A8FFFD /* Pods */ = {
			isa = PBXGroup;
			children = (
				41DD7FB7BE6D37E480449BAC /* Pods-BBOXX-iOS.debug.xcconfig */,
				EFDA4AFAF25925429B7FB3F5 /* Pods-BBOXX-iOS.release.xcconfig */,
			);
			path = Pods;
			sourceTree = "<group>";
		};
		6A021241270A18A1002828D9 /* Models */ = {
			isa = PBXGroup;
			children = (
				45D58A90273A4C9C007FC785 /* DecibelResponse.swift */,
				45D58A95273A4C9C007FC785 /* EmotionsResponse.swift */,
				45D58A91273A4C9C007FC785 /* FeelingNoteResponse.swift */,
				45D58A94273A4C9C007FC785 /* GrowthNoteResponse.swift */,
				45D58A8F273A4C9C007FC785 /* NicknameResponse.swift */,
				45D58A96273A4C9C007FC785 /* Notification.swift */,
				45D58A92273A4C9C007FC785 /* OnboardingScreen.swift */,
				45D58A93273A4C9C007FC785 /* TokenResponse.swift */,
				45D58A97273A4C9C007FC785 /* UserResponse.swift */,
				45CE93502720FECF00ED60C5 /* Response.swift */,
			);
			path = Models;
			sourceTree = "<group>";
		};
		6A021247270A1A6A002828D9 /* Utilities */ = {
			isa = PBXGroup;
			children = (
				6A02124C270A1BA9002828D9 /* APICall.swift */,
				6ACBC5B22723ED70002E1E55 /* ImageAssets.swift */,
			);
			path = Utilities;
			sourceTree = "<group>";
		};
		6A021248270A1A71002828D9 /* System */ = {
			isa = PBXGroup;
			children = (
				45A83B36272C71FB0057D4C1 /* Secret.swift */,
				4527B83F27083E0E003FD4F9 /* BBOXX_iOSApp.swift */,
				6A02125B270A1EBC002828D9 /* AppDelegate.swift */,
				45C84DB427240462000E4886 /* Secret.swift */,
			);
			path = System;
			sourceTree = "<group>";
		};
		6A02124A270A1AD8002828D9 /* Views */ = {
			isa = PBXGroup;
			children = (
				4527B84127083E0E003FD4F9 /* ContentView.swift */,
				6A02124B270A1B16002828D9 /* Scenes */,
			);
			path = Views;
			sourceTree = "<group>";
		};
		6A02124B270A1B16002828D9 /* Scenes */ = {
			isa = PBXGroup;
			children = (
				6AC4143127285BA700935C43 /* Intro */,
				6AC41436272C221200935C43 /* Main */,
				45B1EA79272687D4006FC5F3 /* FeelingNote */,
				4594B3192727C99E00318B3B /* GrowthNote */,
				45D58AA8273A4D1C007FC785 /* DecibelMeasurementResultView.swift */,
				45D58AA9273A4D1C007FC785 /* DecibelMeasurementView.swift */,
				45D58AA7273A4D1C007FC785 /* NotificationCell.swift */,
				45D58AAA273A4D1C007FC785 /* NotificationListView.swift */,
			);
			path = Scenes;
			sourceTree = "<group>";
		};
		6AC4143127285BA700935C43 /* Intro */ = {
			isa = PBXGroup;
			children = (
				45D58ACA273A4DCC007FC785 /* CreateNicknameView.swift */,
				45D58ACE273A4DCC007FC785 /* OffsetPageTabView.swift */,
				45D58AC9273A4DCC007FC785 /* OnboardingLastView.swift */,
				45D58ACB273A4DCC007FC785 /* OnboardingView.swift */,
				45D58ACC273A4DCC007FC785 /* SignInView.swift */,
				45D58ACD273A4DCC007FC785 /* SplashView.swift */,
			);
			path = Intro;
			sourceTree = "<group>";
		};
		6AC41436272C221200935C43 /* Main */ = {
			isa = PBXGroup;
			children = (
				45D58AD7273A4DDD007FC785 /* MainEmptySelectionView.swift */,
				45D58AD8273A4DDD007FC785 /* MainView.swift */,
			);
			path = Main;
			sourceTree = "<group>";
		};
		6AC41437272C221E00935C43 /* Main */ = {
			isa = PBXGroup;
			children = (
				45D58AF7273A4E81007FC785 /* MainViewModel.swift */,
			);
			path = Main;
			sourceTree = "<group>";
		};
		6AC41438272C222500935C43 /* Intro */ = {
			isa = PBXGroup;
			children = (
				45D58AF1273A4E6B007FC785 /* CreateNicknameViewModel.swift */,
				45D58AF2273A4E6B007FC785 /* SignInViewModel.swift */,
				6AC41441272C57B400935C43 /* OnboardingViewModel.swift */,
			);
			path = Intro;
			sourceTree = "<group>";
		};
		6ACBC5AB2723EC6D002E1E55 /* Helpers */ = {
			isa = PBXGroup;
			children = (
				6ACBC5AC2723EC9D002E1E55 /* SignIn */,
			);
			path = Helpers;
			sourceTree = "<group>";
		};
		6ACBC5AC2723EC9D002E1E55 /* SignIn */ = {
			isa = PBXGroup;
			children = (
				6ACBC5AD2723ECB9002E1E55 /* AppleSignInCoordinator.swift */,
			);
			path = SignIn;
			sourceTree = "<group>";
		};
		6ACBC5AF2723ECEF002E1E55 /* Networks */ = {
			isa = PBXGroup;
			children = (
				45D58A63273A4AEE007FC785 /* Base */,
				45D58A64273A4AF5007FC785 /* OAuth */,
				4581E9B127202E7A00DEEC76 /* UserService.swift */,
				45D58A7C273A4C27007FC785 /* AuthService.swift */,
				45D58A7F273A4C38007FC785 /* DecibelService.swift */,
				45D58A82273A4C42007FC785 /* FeelingNoteService.swift */,
				45D58A85273A4C4C007FC785 /* GrowthNoteService.swift */,
				45D58A88273A4C58007FC785 /* NetworkResult.swift */,
			);
			path = Networks;
			sourceTree = "<group>";
		};
/* End PBXGroup section */

/* Begin PBXNativeTarget section */
		4527B83B27083E0E003FD4F9 /* BBOXX-iOS */ = {
			isa = PBXNativeTarget;
			buildConfigurationList = 4527B84B27083E11003FD4F9 /* Build configuration list for PBXNativeTarget "BBOXX-iOS" */;
			buildPhases = (
				BF1F3FD059E9A6DF04CC0707 /* [CP] Check Pods Manifest.lock */,
				4527B83827083E0E003FD4F9 /* Sources */,
				4527B83927083E0E003FD4F9 /* Frameworks */,
				4527B83A27083E0E003FD4F9 /* Resources */,
				53824F274024ED0525A75923 /* [CP] Embed Pods Frameworks */,
			);
			buildRules = (
			);
			dependencies = (
			);
			name = "BBOXX-iOS";
			productName = "BBOXX-iOS";
			productReference = 4527B83C27083E0E003FD4F9 /* BBOXX-iOS.app */;
			productType = "com.apple.product-type.application";
		};
/* End PBXNativeTarget section */

/* Begin PBXProject section */
		4527B83427083E0E003FD4F9 /* Project object */ = {
			isa = PBXProject;
			attributes = {
				LastSwiftUpdateCheck = 1240;
				LastUpgradeCheck = 1240;
				TargetAttributes = {
					4527B83B27083E0E003FD4F9 = {
						CreatedOnToolsVersion = 12.4;
					};
				};
			};
			buildConfigurationList = 4527B83727083E0E003FD4F9 /* Build configuration list for PBXProject "BBOXX-iOS" */;
			compatibilityVersion = "Xcode 9.3";
			developmentRegion = en;
			hasScannedForEncodings = 0;
			knownRegions = (
				en,
				Base,
			);
			mainGroup = 4527B83327083E0E003FD4F9;
			productRefGroup = 4527B83D27083E0E003FD4F9 /* Products */;
			projectDirPath = "";
			projectRoot = "";
			targets = (
				4527B83B27083E0E003FD4F9 /* BBOXX-iOS */,
			);
		};
/* End PBXProject section */

/* Begin PBXResourcesBuildPhase section */
		4527B83A27083E0E003FD4F9 /* Resources */ = {
			isa = PBXResourcesBuildPhase;
			buildActionMask = 2147483647;
			files = (
				458F314D2729285200F4C7EA /* Pretendard-ExtraLight.otf in Resources */,
				458F314B2729285200F4C7EA /* Pretendard-Medium.otf in Resources */,
				4527B84727083E11003FD4F9 /* Preview Assets.xcassets in Resources */,
				458F31502729285200F4C7EA /* Pretendard-SemiBold.otf in Resources */,
				458F314E2729285200F4C7EA /* Pretendard-Light.otf in Resources */,
				458F31492729285200F4C7EA /* Pretendard-Bold.otf in Resources */,
				458F31482729285200F4C7EA /* Pretendard-Regular.otf in Resources */,
				458F314F2729285200F4C7EA /* Pretendard-ExtraBold.otf in Resources */,
				458F314A2729285200F4C7EA /* Pretendard-Thin.otf in Resources */,
				4527B84427083E11003FD4F9 /* Assets.xcassets in Resources */,
				458F314C2729285200F4C7EA /* Pretendard-Black.otf in Resources */,
				45C84DAA27240396000E4886 /* GoogleService-Info.plist in Resources */,
			);
			runOnlyForDeploymentPostprocessing = 0;
		};
/* End PBXResourcesBuildPhase section */

/* Begin PBXShellScriptBuildPhase section */
		53824F274024ED0525A75923 /* [CP] Embed Pods Frameworks */ = {
			isa = PBXShellScriptBuildPhase;
			buildActionMask = 2147483647;
			files = (
			);
			inputFileListPaths = (
				"${PODS_ROOT}/Target Support Files/Pods-BBOXX-iOS/Pods-BBOXX-iOS-frameworks-${CONFIGURATION}-input-files.xcfilelist",
			);
			name = "[CP] Embed Pods Frameworks";
			outputFileListPaths = (
				"${PODS_ROOT}/Target Support Files/Pods-BBOXX-iOS/Pods-BBOXX-iOS-frameworks-${CONFIGURATION}-output-files.xcfilelist",
			);
			runOnlyForDeploymentPostprocessing = 0;
			shellPath = /bin/sh;
			shellScript = "\"${PODS_ROOT}/Target Support Files/Pods-BBOXX-iOS/Pods-BBOXX-iOS-frameworks.sh\"\n";
			showEnvVarsInLog = 0;
		};
		BF1F3FD059E9A6DF04CC0707 /* [CP] Check Pods Manifest.lock */ = {
			isa = PBXShellScriptBuildPhase;
			buildActionMask = 2147483647;
			files = (
			);
			inputFileListPaths = (
			);
			inputPaths = (
				"${PODS_PODFILE_DIR_PATH}/Podfile.lock",
				"${PODS_ROOT}/Manifest.lock",
			);
			name = "[CP] Check Pods Manifest.lock";
			outputFileListPaths = (
			);
			outputPaths = (
				"$(DERIVED_FILE_DIR)/Pods-BBOXX-iOS-checkManifestLockResult.txt",
			);
			runOnlyForDeploymentPostprocessing = 0;
			shellPath = /bin/sh;
			shellScript = "diff \"${PODS_PODFILE_DIR_PATH}/Podfile.lock\" \"${PODS_ROOT}/Manifest.lock\" > /dev/null\nif [ $? != 0 ] ; then\n    # print error to STDERR\n    echo \"error: The sandbox is not in sync with the Podfile.lock. Run 'pod install' or update your CocoaPods installation.\" >&2\n    exit 1\nfi\n# This output is used by Xcode 'outputs' to avoid re-running this script phase.\necho \"SUCCESS\" > \"${SCRIPT_OUTPUT_FILE_0}\"\n";
			showEnvVarsInLog = 0;
		};
/* End PBXShellScriptBuildPhase section */

/* Begin PBXSourcesBuildPhase section */
		4527B83827083E0E003FD4F9 /* Sources */ = {
			isa = PBXSourcesBuildPhase;
			buildActionMask = 2147483647;
			files = (
				45D58A9E273A4C9C007FC785 /* EmotionsResponse.swift in Sources */,
				45D58A9B273A4C9C007FC785 /* OnboardingScreen.swift in Sources */,
				45D58AED273A4E42007FC785 /* BottomCard.swift in Sources */,
				45D58AAE273A4D1C007FC785 /* NotificationListView.swift in Sources */,
				45D58A66273A4B1F007FC785 /* API.swift in Sources */,
				45D58AF8273A4E81007FC785 /* MainViewModel.swift in Sources */,
				45D58A6F273A4B4E007FC785 /* MyRequestInterceptor.swift in Sources */,
				45D58ACF273A4DCD007FC785 /* OnboardingLastView.swift in Sources */,
				45D58A9C273A4C9C007FC785 /* TokenResponse.swift in Sources */,
				45D58AEC273A4E42007FC785 /* NotificationListViewModel.swift in Sources */,
				45D58A69273A4B29007FC785 /* APIEventLogger.swift in Sources */,
				45D58AAC273A4D1C007FC785 /* DecibelMeasurementResultView.swift in Sources */,
				4527B84227083E0E003FD4F9 /* ContentView.swift in Sources */,
				45D58A72273A4B5A007FC785 /* TargetType.swift in Sources */,
				45D58B08273A4EBA007FC785 /* GrowthNoteWritingViewModel.swift in Sources */,
				45D58B00273A4E98007FC785 /* FeelingNoteWritingViewModel.swift in Sources */,
				45D58A89273A4C58007FC785 /* NetworkResult.swift in Sources */,
				45D58AF4273A4E6B007FC785 /* SignInViewModel.swift in Sources */,
				45D58AD1273A4DCD007FC785 /* OnboardingView.swift in Sources */,
				45D58AA4273A4CCF007FC785 /* ProviderType.swift in Sources */,
				45CE93512720FECF00ED60C5 /* Response.swift in Sources */,
				45D58AD3273A4DCD007FC785 /* SplashView.swift in Sources */,
				45D58AB6273A4D83007FC785 /* FeelingNoteRemindView.swift in Sources */,
				45D58A9D273A4C9C007FC785 /* GrowthNoteResponse.swift in Sources */,
				45D58A79273A4BE6007FC785 /* MyAuthenticator.swift in Sources */,
				45D58A9F273A4C9C007FC785 /* Notification.swift in Sources */,
				45D58AC2273A4DA5007FC785 /* GrowthNoteCell.swift in Sources */,
				45D58AAD273A4D1C007FC785 /* DecibelMeasurementView.swift in Sources */,
				45D58AD2273A4DCD007FC785 /* SignInView.swift in Sources */,
				45D58AF3273A4E6B007FC785 /* CreateNicknameViewModel.swift in Sources */,
				45D58A86273A4C4C007FC785 /* GrowthNoteService.swift in Sources */,
				45D58B01273A4E98007FC785 /* FeelingNoteResultViewModel.swift in Sources */,
				6AC41442272C57B400935C43 /* OnboardingViewModel.swift in Sources */,
				4581E9B227202E7A00DEEC76 /* UserService.swift in Sources */,
				45D58AA0273A4C9C007FC785 /* UserResponse.swift in Sources */,
				45D58ADA273A4DDD007FC785 /* MainView.swift in Sources */,
				4527B84027083E0E003FD4F9 /* BBOXX_iOSApp.swift in Sources */,
				45D58AE1273A4E04007FC785 /* View+Extension.swift in Sources */,
				45D58AE4273A4E04007FC785 /* Value+Codable+Extension.swift in Sources */,
				45D58AEB273A4E42007FC785 /* DecibelMeasurementResultViewModel.swift in Sources */,
				45A83B37272C71FB0057D4C1 /* Secret.swift in Sources */,
				45D58A99273A4C9C007FC785 /* DecibelResponse.swift in Sources */,
				45D58AB8273A4D83007FC785 /* FeelingNoteResultView.swift in Sources */,
				45D58AD4273A4DCD007FC785 /* OffsetPageTabView.swift in Sources */,
				45D58AC5273A4DA5007FC785 /* GrowthNoteResultView.swift in Sources */,
				45D58A98273A4C9C007FC785 /* NicknameResponse.swift in Sources */,
				45D58B07273A4EBA007FC785 /* GrowthNoteCollectionViewModel.swift in Sources */,
				45D58A76273A4BCD007FC785 /* MyAuthenticationCredential.swift in Sources */,
				45D58AC6273A4DA5007FC785 /* GrowthNoteCollectionView.swift in Sources */,
				45D58A80273A4C38007FC785 /* DecibelService.swift in Sources */,
				6A02125C270A1EBC002828D9 /* AppDelegate.swift in Sources */,
				45D58AAB273A4D1C007FC785 /* NotificationCell.swift in Sources */,
				45D58ABA273A4D83007FC785 /* FeelingNoteWritingView.swift in Sources */,
				45D58A6C273A4B35007FC785 /* HTTPHeaderField.swift in Sources */,
				45D58AC3273A4DA5007FC785 /* GrowthNoteDetailView.swift in Sources */,
				6A02124D270A1BA9002828D9 /* APICall.swift in Sources */,
				45D58A7D273A4C27007FC785 /* AuthService.swift in Sources */,
				45817753271DBD8700036086 /* RoundedCorner.swift in Sources */,
				45D58AB7273A4D83007FC785 /* FeelingNoteReviewView.swift in Sources */,
				6ACBC5B32723ED70002E1E55 /* ImageAssets.swift in Sources */,
				45D58AEE273A4E42007FC785 /* DecibelMeasurementViewModel.swift in Sources */,
				45D58AD9273A4DDD007FC785 /* MainEmptySelectionView.swift in Sources */,
				45D58AFF273A4E98007FC785 /* FeelingNoteRemindViewModel.swift in Sources */,
				45B7B6872728EB15006B8B9E /* CustomTwoButton.swift in Sources */,
				45D58AD0273A4DCD007FC785 /* CreateNicknameView.swift in Sources */,
				45C84DB527240462000E4886 /* Secret.swift in Sources */,
				45D58AE2273A4E04007FC785 /* API+Extension.swift in Sources */,
				45D58B02273A4E98007FC785 /* FeelingNoteReviewViewModel.swift in Sources */,
				45D58AC4273A4DA5007FC785 /* GrowthNoteWritingView.swift in Sources */,
				6ACBC5AE2723ECB9002E1E55 /* AppleSignInCoordinator.swift in Sources */,
				45D58A9A273A4C9C007FC785 /* FeelingNoteResponse.swift in Sources */,
				45D58AB9273A4D83007FC785 /* FeelingNoteDeleteCompleteView.swift in Sources */,
				4593F9C8272A38B50006F8A2 /* TagView.swift in Sources */,
				45D58AE3273A4E04007FC785 /* UserDefaults+Extension.swift in Sources */,
				45D58A83273A4C42007FC785 /* FeelingNoteService.swift in Sources */,
			);
			runOnlyForDeploymentPostprocessing = 0;
		};
/* End PBXSourcesBuildPhase section */

/* Begin XCBuildConfiguration section */
		4527B84927083E11003FD4F9 /* Debug */ = {
			isa = XCBuildConfiguration;
			buildSettings = {
				ALWAYS_SEARCH_USER_PATHS = NO;
				CLANG_ANALYZER_NONNULL = YES;
				CLANG_ANALYZER_NUMBER_OBJECT_CONVERSION = YES_AGGRESSIVE;
				CLANG_CXX_LANGUAGE_STANDARD = "gnu++14";
				CLANG_CXX_LIBRARY = "libc++";
				CLANG_ENABLE_MODULES = YES;
				CLANG_ENABLE_OBJC_ARC = YES;
				CLANG_ENABLE_OBJC_WEAK = YES;
				CLANG_WARN_BLOCK_CAPTURE_AUTORELEASING = YES;
				CLANG_WARN_BOOL_CONVERSION = YES;
				CLANG_WARN_COMMA = YES;
				CLANG_WARN_CONSTANT_CONVERSION = YES;
				CLANG_WARN_DEPRECATED_OBJC_IMPLEMENTATIONS = YES;
				CLANG_WARN_DIRECT_OBJC_ISA_USAGE = YES_ERROR;
				CLANG_WARN_DOCUMENTATION_COMMENTS = YES;
				CLANG_WARN_EMPTY_BODY = YES;
				CLANG_WARN_ENUM_CONVERSION = YES;
				CLANG_WARN_INFINITE_RECURSION = YES;
				CLANG_WARN_INT_CONVERSION = YES;
				CLANG_WARN_NON_LITERAL_NULL_CONVERSION = YES;
				CLANG_WARN_OBJC_IMPLICIT_RETAIN_SELF = YES;
				CLANG_WARN_OBJC_LITERAL_CONVERSION = YES;
				CLANG_WARN_OBJC_ROOT_CLASS = YES_ERROR;
				CLANG_WARN_QUOTED_INCLUDE_IN_FRAMEWORK_HEADER = YES;
				CLANG_WARN_RANGE_LOOP_ANALYSIS = YES;
				CLANG_WARN_STRICT_PROTOTYPES = YES;
				CLANG_WARN_SUSPICIOUS_MOVE = YES;
				CLANG_WARN_UNGUARDED_AVAILABILITY = YES_AGGRESSIVE;
				CLANG_WARN_UNREACHABLE_CODE = YES;
				CLANG_WARN__DUPLICATE_METHOD_MATCH = YES;
				COPY_PHASE_STRIP = NO;
				DEBUG_INFORMATION_FORMAT = dwarf;
				ENABLE_STRICT_OBJC_MSGSEND = YES;
				ENABLE_TESTABILITY = YES;
				GCC_C_LANGUAGE_STANDARD = gnu11;
				GCC_DYNAMIC_NO_PIC = NO;
				GCC_NO_COMMON_BLOCKS = YES;
				GCC_OPTIMIZATION_LEVEL = 0;
				GCC_PREPROCESSOR_DEFINITIONS = (
					"DEBUG=1",
					"$(inherited)",
				);
				GCC_WARN_64_TO_32_BIT_CONVERSION = YES;
				GCC_WARN_ABOUT_RETURN_TYPE = YES_ERROR;
				GCC_WARN_UNDECLARED_SELECTOR = YES;
				GCC_WARN_UNINITIALIZED_AUTOS = YES_AGGRESSIVE;
				GCC_WARN_UNUSED_FUNCTION = YES;
				GCC_WARN_UNUSED_VARIABLE = YES;
				IPHONEOS_DEPLOYMENT_TARGET = 13.0;
				MTL_ENABLE_DEBUG_INFO = INCLUDE_SOURCE;
				MTL_FAST_MATH = YES;
				ONLY_ACTIVE_ARCH = YES;
				SDKROOT = iphoneos;
				SWIFT_ACTIVE_COMPILATION_CONDITIONS = DEBUG;
				SWIFT_OPTIMIZATION_LEVEL = "-Onone";
			};
			name = Debug;
		};
		4527B84A27083E11003FD4F9 /* Release */ = {
			isa = XCBuildConfiguration;
			buildSettings = {
				ALWAYS_SEARCH_USER_PATHS = NO;
				CLANG_ANALYZER_NONNULL = YES;
				CLANG_ANALYZER_NUMBER_OBJECT_CONVERSION = YES_AGGRESSIVE;
				CLANG_CXX_LANGUAGE_STANDARD = "gnu++14";
				CLANG_CXX_LIBRARY = "libc++";
				CLANG_ENABLE_MODULES = YES;
				CLANG_ENABLE_OBJC_ARC = YES;
				CLANG_ENABLE_OBJC_WEAK = YES;
				CLANG_WARN_BLOCK_CAPTURE_AUTORELEASING = YES;
				CLANG_WARN_BOOL_CONVERSION = YES;
				CLANG_WARN_COMMA = YES;
				CLANG_WARN_CONSTANT_CONVERSION = YES;
				CLANG_WARN_DEPRECATED_OBJC_IMPLEMENTATIONS = YES;
				CLANG_WARN_DIRECT_OBJC_ISA_USAGE = YES_ERROR;
				CLANG_WARN_DOCUMENTATION_COMMENTS = YES;
				CLANG_WARN_EMPTY_BODY = YES;
				CLANG_WARN_ENUM_CONVERSION = YES;
				CLANG_WARN_INFINITE_RECURSION = YES;
				CLANG_WARN_INT_CONVERSION = YES;
				CLANG_WARN_NON_LITERAL_NULL_CONVERSION = YES;
				CLANG_WARN_OBJC_IMPLICIT_RETAIN_SELF = YES;
				CLANG_WARN_OBJC_LITERAL_CONVERSION = YES;
				CLANG_WARN_OBJC_ROOT_CLASS = YES_ERROR;
				CLANG_WARN_QUOTED_INCLUDE_IN_FRAMEWORK_HEADER = YES;
				CLANG_WARN_RANGE_LOOP_ANALYSIS = YES;
				CLANG_WARN_STRICT_PROTOTYPES = YES;
				CLANG_WARN_SUSPICIOUS_MOVE = YES;
				CLANG_WARN_UNGUARDED_AVAILABILITY = YES_AGGRESSIVE;
				CLANG_WARN_UNREACHABLE_CODE = YES;
				CLANG_WARN__DUPLICATE_METHOD_MATCH = YES;
				COPY_PHASE_STRIP = NO;
				DEBUG_INFORMATION_FORMAT = "dwarf-with-dsym";
				ENABLE_NS_ASSERTIONS = NO;
				ENABLE_STRICT_OBJC_MSGSEND = YES;
				GCC_C_LANGUAGE_STANDARD = gnu11;
				GCC_NO_COMMON_BLOCKS = YES;
				GCC_WARN_64_TO_32_BIT_CONVERSION = YES;
				GCC_WARN_ABOUT_RETURN_TYPE = YES_ERROR;
				GCC_WARN_UNDECLARED_SELECTOR = YES;
				GCC_WARN_UNINITIALIZED_AUTOS = YES_AGGRESSIVE;
				GCC_WARN_UNUSED_FUNCTION = YES;
				GCC_WARN_UNUSED_VARIABLE = YES;
				IPHONEOS_DEPLOYMENT_TARGET = 13.0;
				MTL_ENABLE_DEBUG_INFO = NO;
				MTL_FAST_MATH = YES;
				SDKROOT = iphoneos;
				SWIFT_COMPILATION_MODE = wholemodule;
				SWIFT_OPTIMIZATION_LEVEL = "-O";
				VALIDATE_PRODUCT = YES;
			};
			name = Release;
		};
		4527B84C27083E11003FD4F9 /* Debug */ = {
			isa = XCBuildConfiguration;
			baseConfigurationReference = 41DD7FB7BE6D37E480449BAC /* Pods-BBOXX-iOS.debug.xcconfig */;
			buildSettings = {
				ASSETCATALOG_COMPILER_APPICON_NAME = AppIcon;
				ASSETCATALOG_COMPILER_GLOBAL_ACCENT_COLOR_NAME = AccentColor;
				CODE_SIGN_STYLE = Automatic;
				DEVELOPMENT_ASSET_PATHS = "\"BBOXX-iOS/Preview Content\"";
				DEVELOPMENT_TEAM = 93A6S4WHC4;
				ENABLE_PREVIEWS = YES;
				EXCLUDED_ARCHS = "";
				INFOPLIST_FILE = "BBOXX-iOS/Supporting Files/Info.plist";
				IPHONEOS_DEPLOYMENT_TARGET = 14.0;
				LD_RUNPATH_SEARCH_PATHS = (
					"$(inherited)",
					"@executable_path/Frameworks",
				);
				PRODUCT_BUNDLE_IDENTIFIER = "com.bboxx.BBOXX-iOS";
				PRODUCT_NAME = "$(TARGET_NAME)";
				SWIFT_VERSION = 5.0;
				TARGETED_DEVICE_FAMILY = "1,2";
			};
			name = Debug;
		};
		4527B84D27083E11003FD4F9 /* Release */ = {
			isa = XCBuildConfiguration;
			baseConfigurationReference = EFDA4AFAF25925429B7FB3F5 /* Pods-BBOXX-iOS.release.xcconfig */;
			buildSettings = {
				ASSETCATALOG_COMPILER_APPICON_NAME = AppIcon;
				ASSETCATALOG_COMPILER_GLOBAL_ACCENT_COLOR_NAME = AccentColor;
				CODE_SIGN_STYLE = Automatic;
				DEVELOPMENT_ASSET_PATHS = "\"BBOXX-iOS/Preview Content\"";
				DEVELOPMENT_TEAM = 93A6S4WHC4;
				ENABLE_PREVIEWS = YES;
				EXCLUDED_ARCHS = "";
				INFOPLIST_FILE = "BBOXX-iOS/Supporting Files/Info.plist";
				IPHONEOS_DEPLOYMENT_TARGET = 14.0;
				LD_RUNPATH_SEARCH_PATHS = (
					"$(inherited)",
					"@executable_path/Frameworks",
				);
				PRODUCT_BUNDLE_IDENTIFIER = "com.bboxx.BBOXX-iOS";
				PRODUCT_NAME = "$(TARGET_NAME)";
				SWIFT_VERSION = 5.0;
				TARGETED_DEVICE_FAMILY = "1,2";
			};
			name = Release;
		};
/* End XCBuildConfiguration section */

/* Begin XCConfigurationList section */
		4527B83727083E0E003FD4F9 /* Build configuration list for PBXProject "BBOXX-iOS" */ = {
			isa = XCConfigurationList;
			buildConfigurations = (
				4527B84927083E11003FD4F9 /* Debug */,
				4527B84A27083E11003FD4F9 /* Release */,
			);
			defaultConfigurationIsVisible = 0;
			defaultConfigurationName = Release;
		};
		4527B84B27083E11003FD4F9 /* Build configuration list for PBXNativeTarget "BBOXX-iOS" */ = {
			isa = XCConfigurationList;
			buildConfigurations = (
				4527B84C27083E11003FD4F9 /* Debug */,
				4527B84D27083E11003FD4F9 /* Release */,
			);
			defaultConfigurationIsVisible = 0;
			defaultConfigurationName = Release;
		};
/* End XCConfigurationList section */
	};
	rootObject = 4527B83427083E0E003FD4F9 /* Project object */;
}
